PODS:
  - Bolts/Tasks (1.9.1)
  - Google-Maps-iOS-Utils (4.1.0):
    - Google-Maps-iOS-Utils/Clustering (= 4.1.0)
    - Google-Maps-iOS-Utils/Geometry (= 4.1.0)
    - Google-Maps-iOS-Utils/GeometryUtils (= 4.1.0)
    - Google-Maps-iOS-Utils/Heatmap (= 4.1.0)
    - Google-Maps-iOS-Utils/QuadTree (= 4.1.0)
    - GoogleMaps
  - Google-Maps-iOS-Utils/Clustering (4.1.0):
    - Google-Maps-iOS-Utils/QuadTree
    - GoogleMaps
  - Google-Maps-iOS-Utils/Geometry (4.1.0):
    - GoogleMaps
  - Google-Maps-iOS-Utils/GeometryUtils (4.1.0):
    - GoogleMaps
  - Google-Maps-iOS-Utils/Heatmap (4.1.0):
    - Google-Maps-iOS-Utils/QuadTree
    - GoogleMaps
  - Google-Maps-iOS-Utils/QuadTree (4.1.0):
    - GoogleMaps
  - GoogleMaps (7.0.0):
    - GoogleMaps/Maps (= 7.0.0)
  - GoogleMaps/Base (7.0.0)
  - GoogleMaps/Maps (7.0.0):
    - GoogleMaps/Base
  - Parse (1.19.3):
    - Parse/Core (= 1.19.3)
  - Parse/Core (1.19.3):
    - Bolts/Tasks (= 1.9.1)
  - Parse/UI (1.19.3):
    - Parse/Core
  - "UITextView+Placeholder (1.4.0)"

DEPENDENCIES:
  - Google-Maps-iOS-Utils
  - GoogleMaps
  - Parse
  - Parse/UI
  - "UITextView+Placeholder"

SPEC REPOS:
  trunk:
    - Bolts
    - Google-Maps-iOS-Utils
    - GoogleMaps
    - Parse
    - "UITextView+Placeholder"

SPEC CHECKSUMS:
  Bolts: 8c1e8aab2f603387b8b9924f57d1d64f43d3ffdc
  Google-Maps-iOS-Utils: 3343332b18dfd5be8f1f44edd7d481ace3da4d9a
  GoogleMaps: 6e9c923ca035989709fcb5771544fda4cc5fa2a4
  Parse: 0abb63a0ff6fa34a3f64b81d595a294e2ece143a
  "UITextView+Placeholder": d7b0c400921f66523f3a85d74f774512e14f6502

PODFILE CHECKSUM: b3dae4e5f8022ff849a8de44d1b036eddbaec8a9

COCOAPODS: 1.11.3
