PODS:
  - Bolts/Tasks (1.9.1)
  - Google-Maps-iOS-Utils (4.1.0):
    - Google-Maps-iOS-Utils/Clustering (= 4.1.0)
    - Google-Maps-iOS-Utils/Geometry (= 4.1.0)
    - Google-Maps-iOS-Utils/GeometryUtils (= 4.1.0)
    - Google-Maps-iOS-Utils/Heatmap (= 4.1.0)
    - Google-Maps-iOS-Utils/QuadTree (= 4.1.0)
    - GoogleMaps
  - Google-Maps-iOS-Utils/Clustering (4.1.0):
    - Google-Maps-iOS-Utils/QuadTree
    - GoogleMaps
  - Google-Maps-iOS-Utils/Geometry (4.1.0):
    - GoogleMaps
  - Google-Maps-iOS-Utils/GeometryUtils (4.1.0):
    - GoogleMaps
  - Google-Maps-iOS-Utils/Heatmap (4.1.0):
    - Google-Maps-iOS-Utils/QuadTree
    - GoogleMaps
  - Google-Maps-iOS-Utils/QuadTree (4.1.0):
    - GoogleMaps
  - GoogleMaps (7.0.0):
    - GoogleMaps/Maps (= 7.0.0)
  - GoogleMaps/Base (7.0.0)
  - GoogleMaps/Maps (7.0.0):
    - GoogleMaps/Base
  - iOS-Color-Picker (1.2)
  - IQKeyboardManager (6.5.10)
  - Parse (1.19.3):
    - Parse/Core (= 1.19.3)
  - Parse/Core (1.19.3):
    - Bolts/Tasks (= 1.9.1)
  - Parse/UI (1.19.3):
    - Parse/Core
  - "UITextView+Placeholder (1.4.0)"

DEPENDENCIES:
  - Google-Maps-iOS-Utils
  - GoogleMaps
  - iOS-Color-Picker
  - IQKeyboardManager
  - Parse
  - Parse/UI
  - "UITextView+Placeholder"

SPEC REPOS:
  trunk:
    - Bolts
    - Google-Maps-iOS-Utils
    - GoogleMaps
    - iOS-Color-Picker
    - IQKeyboardManager
    - Parse
    - "UITextView+Placeholder"

SPEC CHECKSUMS:
  Bolts: 8c1e8aab2f603387b8b9924f57d1d64f43d3ffdc
  Google-Maps-iOS-Utils: 3343332b18dfd5be8f1f44edd7d481ace3da4d9a
  GoogleMaps: 6e9c923ca035989709fcb5771544fda4cc5fa2a4
  iOS-Color-Picker: 4284a4d744a7cafe9d22d4b66eefc45342b80f1d
  IQKeyboardManager: 45a1fa55c1a5b02c61ac0fd7fd5b62bb4ad20d97
  Parse: 0abb63a0ff6fa34a3f64b81d595a294e2ece143a
  "UITextView+Placeholder": d7b0c400921f66523f3a85d74f774512e14f6502

PODFILE CHECKSUM: 39c66bf56b2a633d5cab1f9a67944ed4496b426c

COCOAPODS: 1.11.3
