// !$*UTF8*$!
{
	archiveVersion = 1;
	classes = {
	};
	objectVersion = 55;
	objects = {

/* Begin PBXBuildFile section */
		2123CBFFA21CC447ECA20D64 /* Pods_AlbumTests.framework in Frameworks */ = {isa = PBXBuildFile; fileRef = 9A8998396BA039E9A729A14E /* Pods_AlbumTests.framework */; };
		AF0D2D62287F3A1D000A3870 /* InfoExistWindow.xib in Resources */ = {isa = PBXBuildFile; fileRef = AF0D2D61287F3A1D000A3870 /* InfoExistWindow.xib */; };
		AF0D2D66287F401D000A3870 /* Photos.framework in Frameworks */ = {isa = PBXBuildFile; fileRef = AF0D2D65287F401D000A3870 /* Photos.framework */; };
		AF0D2D69287F43B8000A3870 /* InfoMarkerView.m in Sources */ = {isa = PBXBuildFile; fileRef = AF0D2D68287F43B8000A3870 /* InfoMarkerView.m */; };
		AF1558282876702B00C3FD82 /* LoginViewController.m in Sources */ = {isa = PBXBuildFile; fileRef = AF1558272876702B00C3FD82 /* LoginViewController.m */; };
		AF15582B2876704000C3FD82 /* SignUpViewController.m in Sources */ = {isa = PBXBuildFile; fileRef = AF15582A2876704000C3FD82 /* SignUpViewController.m */; };
		AF15583128774BC500C3FD82 /* ProfileViewController.m in Sources */ = {isa = PBXBuildFile; fileRef = AF15583028774BC500C3FD82 /* ProfileViewController.m */; };
		AF15583428774C1900C3FD82 /* SettingsViewController.m in Sources */ = {isa = PBXBuildFile; fileRef = AF15583328774C1900C3FD82 /* SettingsViewController.m */; };
		AF15583928774D4000C3FD82 /* ActivitiesViewController.m in Sources */ = {isa = PBXBuildFile; fileRef = AF15583828774D4000C3FD82 /* ActivitiesViewController.m */; };
		AF15583C28774DF600C3FD82 /* AddFriendViewController.m in Sources */ = {isa = PBXBuildFile; fileRef = AF15583B28774DF600C3FD82 /* AddFriendViewController.m */; };
		AF15583F28774F3300C3FD82 /* ComposeViewController.m in Sources */ = {isa = PBXBuildFile; fileRef = AF15583E28774F3300C3FD82 /* ComposeViewController.m */; };
		AF15584228774F4000C3FD82 /* DetailsViewController.m in Sources */ = {isa = PBXBuildFile; fileRef = AF15584128774F4000C3FD82 /* DetailsViewController.m */; };
		AF155846287750CB00C3FD82 /* AlbumViewController.m in Sources */ = {isa = PBXBuildFile; fileRef = AF155845287750CB00C3FD82 /* AlbumViewController.m */; };
		AF15584C2877AA5700C3FD82 /* FriendProfileViewController.m in Sources */ = {isa = PBXBuildFile; fileRef = AF15584B2877AA5700C3FD82 /* FriendProfileViewController.m */; };
		AF15585228789C1B00C3FD82 /* ActivityCell.m in Sources */ = {isa = PBXBuildFile; fileRef = AF15585128789C1B00C3FD82 /* ActivityCell.m */; };
		AF15585528789D1500C3FD82 /* FriendCell.m in Sources */ = {isa = PBXBuildFile; fileRef = AF15585428789D1500C3FD82 /* FriendCell.m */; };
		AF1FE7E0288082C100C5E0A5 /* Friendship.m in Sources */ = {isa = PBXBuildFile; fileRef = AF1FE7DF288082C100C5E0A5 /* Friendship.m */; };
		AF1FE7E4288210EF00C5E0A5 /* AlbumConstants.m in Sources */ = {isa = PBXBuildFile; fileRef = AF1FE7E3288210EF00C5E0A5 /* AlbumConstants.m */; };
		AF1FE7E72885CAD800C5E0A5 /* FriendMapViewController.m in Sources */ = {isa = PBXBuildFile; fileRef = AF1FE7E62885CAD800C5E0A5 /* FriendMapViewController.m */; };
		AF1FE84228872AAE00C5E0A5 /* PhotosUI.framework in Frameworks */ = {isa = PBXBuildFile; fileRef = AF1FE84128872AAE00C5E0A5 /* PhotosUI.framework */; };
		AF1FE8452887355C00C5E0A5 /* PhotoCollectionCell.m in Sources */ = {isa = PBXBuildFile; fileRef = AF1FE8442887355C00C5E0A5 /* PhotoCollectionCell.m */; };
		AF1FE8482887590C00C5E0A5 /* ColorPickViewController.m in Sources */ = {isa = PBXBuildFile; fileRef = AF1FE8472887590C00C5E0A5 /* ColorPickViewController.m */; };
		AF1FE84B288780D300C5E0A5 /* ColorConvertHelper.m in Sources */ = {isa = PBXBuildFile; fileRef = AF1FE84A288780D300C5E0A5 /* ColorConvertHelper.m */; };
		AF2D66692889B2CD0055AD77 /* ParseAPIHelper.m in Sources */ = {isa = PBXBuildFile; fileRef = AF2D66682889B2CD0055AD77 /* ParseAPIHelper.m */; };
		AF2D666C288A089D0055AD77 /* FriendGridViewController.m in Sources */ = {isa = PBXBuildFile; fileRef = AF2D666B288A089D0055AD77 /* FriendGridViewController.m */; };
		AF2D666F288B0EF30055AD77 /* UserPin.m in Sources */ = {isa = PBXBuildFile; fileRef = AF2D666E288B0EF30055AD77 /* UserPin.m */; };
		AF60C06B287633920033DCB0 /* AppDelegate.m in Sources */ = {isa = PBXBuildFile; fileRef = AF60C06A287633920033DCB0 /* AppDelegate.m */; };
		AF60C06E287633920033DCB0 /* SceneDelegate.m in Sources */ = {isa = PBXBuildFile; fileRef = AF60C06D287633920033DCB0 /* SceneDelegate.m */; };
		AF60C074287633920033DCB0 /* Main.storyboard in Resources */ = {isa = PBXBuildFile; fileRef = AF60C072287633920033DCB0 /* Main.storyboard */; };
		AF60C076287633930033DCB0 /* Assets.xcassets in Resources */ = {isa = PBXBuildFile; fileRef = AF60C075287633930033DCB0 /* Assets.xcassets */; };
		AF60C079287633930033DCB0 /* LaunchScreen.storyboard in Resources */ = {isa = PBXBuildFile; fileRef = AF60C077287633930033DCB0 /* LaunchScreen.storyboard */; };
		AF60C07C287633930033DCB0 /* main.m in Sources */ = {isa = PBXBuildFile; fileRef = AF60C07B287633930033DCB0 /* main.m */; };
		AF60C086287633930033DCB0 /* AlbumTests.m in Sources */ = {isa = PBXBuildFile; fileRef = AF60C085287633930033DCB0 /* AlbumTests.m */; };
		AF60C090287633930033DCB0 /* AlbumUITests.m in Sources */ = {isa = PBXBuildFile; fileRef = AF60C08F287633930033DCB0 /* AlbumUITests.m */; };
		AF60C092287633930033DCB0 /* AlbumUITestsLaunchTests.m in Sources */ = {isa = PBXBuildFile; fileRef = AF60C091287633930033DCB0 /* AlbumUITestsLaunchTests.m */; };
		AF60C0BB287642880033DCB0 /* GoogleMapViewController.m in Sources */ = {isa = PBXBuildFile; fileRef = AF60C0BA287642880033DCB0 /* GoogleMapViewController.m */; };
		AF60C0BD287644540033DCB0 /* Keys.plist in Resources */ = {isa = PBXBuildFile; fileRef = AF60C0BC287644540033DCB0 /* Keys.plist */; };
		AF60C0C828764B4C0033DCB0 /* LocationGenerator.m in Sources */ = {isa = PBXBuildFile; fileRef = AF60C0C728764B4C0033DCB0 /* LocationGenerator.m */; };
		AF60C0CA28764C520033DCB0 /* custom_pin.png in Resources */ = {isa = PBXBuildFile; fileRef = AF60C0C928764C520033DCB0 /* custom_pin.png */; };
		AF6574FB2892078000804593 /* SocialViewController.m in Sources */ = {isa = PBXBuildFile; fileRef = AF6574FA2892078000804593 /* SocialViewController.m */; };
		AF6574FE2892F90700804593 /* CloseFriendCell.m in Sources */ = {isa = PBXBuildFile; fileRef = AF6574FD2892F90700804593 /* CloseFriendCell.m */; };
		AF6575012892FA4D00804593 /* CloseFriendViewController.m in Sources */ = {isa = PBXBuildFile; fileRef = AF6575002892FA4D00804593 /* CloseFriendViewController.m */; };
		AFCC30E3287C9B8900521733 /* CoreLocation.framework in Frameworks */ = {isa = PBXBuildFile; fileRef = AFCC30E2287C9B8900521733 /* CoreLocation.framework */; };
		AFCC30ED287CAA3400521733 /* InfoPOIView.m in Sources */ = {isa = PBXBuildFile; fileRef = AFCC30EC287CAA3400521733 /* InfoPOIView.m */; };
		AFCC30EF287CCFF000521733 /* InfoWindow.xib in Resources */ = {isa = PBXBuildFile; fileRef = AFCC30EE287CCFF000521733 /* InfoWindow.xib */; };
		AFCC30F6287DD5CF00521733 /* Pin.m in Sources */ = {isa = PBXBuildFile; fileRef = AFCC30F5287DD5CF00521733 /* Pin.m */; };
		AFCC30F9287DDB9200521733 /* Image.m in Sources */ = {isa = PBXBuildFile; fileRef = AFCC30F8287DDB9200521733 /* Image.m */; };
		F6875DDD5538E1ABEAEEFC30 /* Pods_Album_AlbumUITests.framework in Frameworks */ = {isa = PBXBuildFile; fileRef = 7CB976AFC2FAE60638A7D3B0 /* Pods_Album_AlbumUITests.framework */; };
		FC036CB500B6F6CC60374357 /* Pods_Album.framework in Frameworks */ = {isa = PBXBuildFile; fileRef = E1A83E4637F5C8C843064B6D /* Pods_Album.framework */; };
/* End PBXBuildFile section */

/* Begin PBXContainerItemProxy section */
		AF60C082287633930033DCB0 /* PBXContainerItemProxy */ = {
			isa = PBXContainerItemProxy;
			containerPortal = AF60C05E287633920033DCB0 /* Project object */;
			proxyType = 1;
			remoteGlobalIDString = AF60C065287633920033DCB0;
			remoteInfo = Album;
		};
		AF60C08C287633930033DCB0 /* PBXContainerItemProxy */ = {
			isa = PBXContainerItemProxy;
			containerPortal = AF60C05E287633920033DCB0 /* Project object */;
			proxyType = 1;
			remoteGlobalIDString = AF60C065287633920033DCB0;
			remoteInfo = Album;
		};
/* End PBXContainerItemProxy section */

/* Begin PBXFileReference section */
		64AF1A580AB9D7C1EE0C378B /* Pods-AlbumTests.debug.xcconfig */ = {isa = PBXFileReference; includeInIndex = 1; lastKnownFileType = text.xcconfig; name = "Pods-AlbumTests.debug.xcconfig"; path = "Target Support Files/Pods-AlbumTests/Pods-AlbumTests.debug.xcconfig"; sourceTree = "<group>"; };
		7CB976AFC2FAE60638A7D3B0 /* Pods_Album_AlbumUITests.framework */ = {isa = PBXFileReference; explicitFileType = wrapper.framework; includeInIndex = 0; path = Pods_Album_AlbumUITests.framework; sourceTree = BUILT_PRODUCTS_DIR; };
		8E32DA964E786B14919F8552 /* Pods-AlbumTests.release.xcconfig */ = {isa = PBXFileReference; includeInIndex = 1; lastKnownFileType = text.xcconfig; name = "Pods-AlbumTests.release.xcconfig"; path = "Target Support Files/Pods-AlbumTests/Pods-AlbumTests.release.xcconfig"; sourceTree = "<group>"; };
		9A8998396BA039E9A729A14E /* Pods_AlbumTests.framework */ = {isa = PBXFileReference; explicitFileType = wrapper.framework; includeInIndex = 0; path = Pods_AlbumTests.framework; sourceTree = BUILT_PRODUCTS_DIR; };
		9D193303E455A8D7EFACD78D /* Pods-Album-AlbumUITests.debug.xcconfig */ = {isa = PBXFileReference; includeInIndex = 1; lastKnownFileType = text.xcconfig; name = "Pods-Album-AlbumUITests.debug.xcconfig"; path = "Target Support Files/Pods-Album-AlbumUITests/Pods-Album-AlbumUITests.debug.xcconfig"; sourceTree = "<group>"; };
		AF0D2D61287F3A1D000A3870 /* InfoExistWindow.xib */ = {isa = PBXFileReference; lastKnownFileType = file.xib; path = InfoExistWindow.xib; sourceTree = "<group>"; };
		AF0D2D63287F3F0A000A3870 /* AssetsLibrary.framework */ = {isa = PBXFileReference; lastKnownFileType = wrapper.framework; name = AssetsLibrary.framework; path = System/Library/Frameworks/AssetsLibrary.framework; sourceTree = SDKROOT; };
		AF0D2D65287F401D000A3870 /* Photos.framework */ = {isa = PBXFileReference; lastKnownFileType = wrapper.framework; name = Photos.framework; path = System/Library/Frameworks/Photos.framework; sourceTree = SDKROOT; };
		AF0D2D67287F43B8000A3870 /* InfoMarkerView.h */ = {isa = PBXFileReference; lastKnownFileType = sourcecode.c.h; path = InfoMarkerView.h; sourceTree = "<group>"; };
		AF0D2D68287F43B8000A3870 /* InfoMarkerView.m */ = {isa = PBXFileReference; lastKnownFileType = sourcecode.c.objc; path = InfoMarkerView.m; sourceTree = "<group>"; };
		AF1558262876702B00C3FD82 /* LoginViewController.h */ = {isa = PBXFileReference; lastKnownFileType = sourcecode.c.h; path = LoginViewController.h; sourceTree = "<group>"; };
		AF1558272876702B00C3FD82 /* LoginViewController.m */ = {isa = PBXFileReference; lastKnownFileType = sourcecode.c.objc; path = LoginViewController.m; sourceTree = "<group>"; };
		AF1558292876704000C3FD82 /* SignUpViewController.h */ = {isa = PBXFileReference; lastKnownFileType = sourcecode.c.h; path = SignUpViewController.h; sourceTree = "<group>"; };
		AF15582A2876704000C3FD82 /* SignUpViewController.m */ = {isa = PBXFileReference; lastKnownFileType = sourcecode.c.objc; path = SignUpViewController.m; sourceTree = "<group>"; };
		AF15582F28774BC500C3FD82 /* ProfileViewController.h */ = {isa = PBXFileReference; lastKnownFileType = sourcecode.c.h; path = ProfileViewController.h; sourceTree = "<group>"; };
		AF15583028774BC500C3FD82 /* ProfileViewController.m */ = {isa = PBXFileReference; lastKnownFileType = sourcecode.c.objc; path = ProfileViewController.m; sourceTree = "<group>"; };
		AF15583228774C1900C3FD82 /* SettingsViewController.h */ = {isa = PBXFileReference; lastKnownFileType = sourcecode.c.h; path = SettingsViewController.h; sourceTree = "<group>"; };
		AF15583328774C1900C3FD82 /* SettingsViewController.m */ = {isa = PBXFileReference; lastKnownFileType = sourcecode.c.objc; path = SettingsViewController.m; sourceTree = "<group>"; };
		AF15583728774D4000C3FD82 /* ActivitiesViewController.h */ = {isa = PBXFileReference; lastKnownFileType = sourcecode.c.h; path = ActivitiesViewController.h; sourceTree = "<group>"; };
		AF15583828774D4000C3FD82 /* ActivitiesViewController.m */ = {isa = PBXFileReference; lastKnownFileType = sourcecode.c.objc; path = ActivitiesViewController.m; sourceTree = "<group>"; };
		AF15583A28774DF600C3FD82 /* AddFriendViewController.h */ = {isa = PBXFileReference; lastKnownFileType = sourcecode.c.h; path = AddFriendViewController.h; sourceTree = "<group>"; };
		AF15583B28774DF600C3FD82 /* AddFriendViewController.m */ = {isa = PBXFileReference; lastKnownFileType = sourcecode.c.objc; path = AddFriendViewController.m; sourceTree = "<group>"; };
		AF15583D28774F3300C3FD82 /* ComposeViewController.h */ = {isa = PBXFileReference; lastKnownFileType = sourcecode.c.h; path = ComposeViewController.h; sourceTree = "<group>"; };
		AF15583E28774F3300C3FD82 /* ComposeViewController.m */ = {isa = PBXFileReference; lastKnownFileType = sourcecode.c.objc; path = ComposeViewController.m; sourceTree = "<group>"; };
		AF15584028774F4000C3FD82 /* DetailsViewController.h */ = {isa = PBXFileReference; lastKnownFileType = sourcecode.c.h; path = DetailsViewController.h; sourceTree = "<group>"; };
		AF15584128774F4000C3FD82 /* DetailsViewController.m */ = {isa = PBXFileReference; lastKnownFileType = sourcecode.c.objc; path = DetailsViewController.m; sourceTree = "<group>"; };
		AF155844287750CB00C3FD82 /* AlbumViewController.h */ = {isa = PBXFileReference; lastKnownFileType = sourcecode.c.h; path = AlbumViewController.h; sourceTree = "<group>"; };
		AF155845287750CB00C3FD82 /* AlbumViewController.m */ = {isa = PBXFileReference; lastKnownFileType = sourcecode.c.objc; path = AlbumViewController.m; sourceTree = "<group>"; };
		AF15584A2877AA5700C3FD82 /* FriendProfileViewController.h */ = {isa = PBXFileReference; lastKnownFileType = sourcecode.c.h; path = FriendProfileViewController.h; sourceTree = "<group>"; };
		AF15584B2877AA5700C3FD82 /* FriendProfileViewController.m */ = {isa = PBXFileReference; lastKnownFileType = sourcecode.c.objc; path = FriendProfileViewController.m; sourceTree = "<group>"; };
		AF15585028789C1B00C3FD82 /* ActivityCell.h */ = {isa = PBXFileReference; lastKnownFileType = sourcecode.c.h; path = ActivityCell.h; sourceTree = "<group>"; };
		AF15585128789C1B00C3FD82 /* ActivityCell.m */ = {isa = PBXFileReference; lastKnownFileType = sourcecode.c.objc; path = ActivityCell.m; sourceTree = "<group>"; };
		AF15585328789D1500C3FD82 /* FriendCell.h */ = {isa = PBXFileReference; lastKnownFileType = sourcecode.c.h; path = FriendCell.h; sourceTree = "<group>"; };
		AF15585428789D1500C3FD82 /* FriendCell.m */ = {isa = PBXFileReference; lastKnownFileType = sourcecode.c.objc; path = FriendCell.m; sourceTree = "<group>"; };
		AF1FE7DE288082C100C5E0A5 /* Friendship.h */ = {isa = PBXFileReference; lastKnownFileType = sourcecode.c.h; path = Friendship.h; sourceTree = "<group>"; };
		AF1FE7DF288082C100C5E0A5 /* Friendship.m */ = {isa = PBXFileReference; lastKnownFileType = sourcecode.c.objc; path = Friendship.m; sourceTree = "<group>"; };
		AF1FE7E2288210D100C5E0A5 /* AlbumConstants.h */ = {isa = PBXFileReference; lastKnownFileType = sourcecode.c.h; path = AlbumConstants.h; sourceTree = "<group>"; };
		AF1FE7E3288210EF00C5E0A5 /* AlbumConstants.m */ = {isa = PBXFileReference; lastKnownFileType = sourcecode.c.objc; path = AlbumConstants.m; sourceTree = "<group>"; };
		AF1FE7E52885CAD800C5E0A5 /* FriendMapViewController.h */ = {isa = PBXFileReference; lastKnownFileType = sourcecode.c.h; path = FriendMapViewController.h; sourceTree = "<group>"; };
		AF1FE7E62885CAD800C5E0A5 /* FriendMapViewController.m */ = {isa = PBXFileReference; lastKnownFileType = sourcecode.c.objc; path = FriendMapViewController.m; sourceTree = "<group>"; };
		AF1FE84128872AAE00C5E0A5 /* PhotosUI.framework */ = {isa = PBXFileReference; lastKnownFileType = wrapper.framework; name = PhotosUI.framework; path = System/Library/Frameworks/PhotosUI.framework; sourceTree = SDKROOT; };
		AF1FE8432887355C00C5E0A5 /* PhotoCollectionCell.h */ = {isa = PBXFileReference; lastKnownFileType = sourcecode.c.h; path = PhotoCollectionCell.h; sourceTree = "<group>"; };
		AF1FE8442887355C00C5E0A5 /* PhotoCollectionCell.m */ = {isa = PBXFileReference; lastKnownFileType = sourcecode.c.objc; path = PhotoCollectionCell.m; sourceTree = "<group>"; };
		AF1FE8462887590C00C5E0A5 /* ColorPickViewController.h */ = {isa = PBXFileReference; lastKnownFileType = sourcecode.c.h; path = ColorPickViewController.h; sourceTree = "<group>"; };
		AF1FE8472887590C00C5E0A5 /* ColorPickViewController.m */ = {isa = PBXFileReference; lastKnownFileType = sourcecode.c.objc; path = ColorPickViewController.m; sourceTree = "<group>"; };
		AF1FE84A288780D300C5E0A5 /* ColorConvertHelper.m */ = {isa = PBXFileReference; lastKnownFileType = sourcecode.c.objc; path = ColorConvertHelper.m; sourceTree = "<group>"; };
		AF1FE84C288780F800C5E0A5 /* ColorConvertHelper.h */ = {isa = PBXFileReference; lastKnownFileType = sourcecode.c.h; path = ColorConvertHelper.h; sourceTree = "<group>"; };
		AF2D66672889B2CD0055AD77 /* ParseAPIHelper.h */ = {isa = PBXFileReference; lastKnownFileType = sourcecode.c.h; path = ParseAPIHelper.h; sourceTree = "<group>"; };
		AF2D66682889B2CD0055AD77 /* ParseAPIHelper.m */ = {isa = PBXFileReference; lastKnownFileType = sourcecode.c.objc; path = ParseAPIHelper.m; sourceTree = "<group>"; };
		AF2D666A288A089D0055AD77 /* FriendGridViewController.h */ = {isa = PBXFileReference; lastKnownFileType = sourcecode.c.h; path = FriendGridViewController.h; sourceTree = "<group>"; };
		AF2D666B288A089D0055AD77 /* FriendGridViewController.m */ = {isa = PBXFileReference; lastKnownFileType = sourcecode.c.objc; path = FriendGridViewController.m; sourceTree = "<group>"; };
		AF2D666D288B0EF30055AD77 /* UserPin.h */ = {isa = PBXFileReference; lastKnownFileType = sourcecode.c.h; path = UserPin.h; sourceTree = "<group>"; };
		AF2D666E288B0EF30055AD77 /* UserPin.m */ = {isa = PBXFileReference; lastKnownFileType = sourcecode.c.objc; path = UserPin.m; sourceTree = "<group>"; };
		AF60C066287633920033DCB0 /* Album.app */ = {isa = PBXFileReference; explicitFileType = wrapper.application; includeInIndex = 0; path = Album.app; sourceTree = BUILT_PRODUCTS_DIR; };
		AF60C069287633920033DCB0 /* AppDelegate.h */ = {isa = PBXFileReference; lastKnownFileType = sourcecode.c.h; path = AppDelegate.h; sourceTree = "<group>"; };
		AF60C06A287633920033DCB0 /* AppDelegate.m */ = {isa = PBXFileReference; lastKnownFileType = sourcecode.c.objc; path = AppDelegate.m; sourceTree = "<group>"; };
		AF60C06C287633920033DCB0 /* SceneDelegate.h */ = {isa = PBXFileReference; lastKnownFileType = sourcecode.c.h; path = SceneDelegate.h; sourceTree = "<group>"; };
		AF60C06D287633920033DCB0 /* SceneDelegate.m */ = {isa = PBXFileReference; lastKnownFileType = sourcecode.c.objc; path = SceneDelegate.m; sourceTree = "<group>"; };
		AF60C073287633920033DCB0 /* Base */ = {isa = PBXFileReference; lastKnownFileType = file.storyboard; name = Base; path = Base.lproj/Main.storyboard; sourceTree = "<group>"; };
		AF60C075287633930033DCB0 /* Assets.xcassets */ = {isa = PBXFileReference; lastKnownFileType = folder.assetcatalog; path = Assets.xcassets; sourceTree = "<group>"; };
		AF60C078287633930033DCB0 /* Base */ = {isa = PBXFileReference; lastKnownFileType = file.storyboard; name = Base; path = Base.lproj/LaunchScreen.storyboard; sourceTree = "<group>"; };
		AF60C07A287633930033DCB0 /* Info.plist */ = {isa = PBXFileReference; lastKnownFileType = text.plist.xml; path = Info.plist; sourceTree = "<group>"; };
		AF60C07B287633930033DCB0 /* main.m */ = {isa = PBXFileReference; lastKnownFileType = sourcecode.c.objc; path = main.m; sourceTree = "<group>"; };
		AF60C081287633930033DCB0 /* AlbumTests.xctest */ = {isa = PBXFileReference; explicitFileType = wrapper.cfbundle; includeInIndex = 0; path = AlbumTests.xctest; sourceTree = BUILT_PRODUCTS_DIR; };
		AF60C085287633930033DCB0 /* AlbumTests.m */ = {isa = PBXFileReference; lastKnownFileType = sourcecode.c.objc; path = AlbumTests.m; sourceTree = "<group>"; };
		AF60C08B287633930033DCB0 /* AlbumUITests.xctest */ = {isa = PBXFileReference; explicitFileType = wrapper.cfbundle; includeInIndex = 0; path = AlbumUITests.xctest; sourceTree = BUILT_PRODUCTS_DIR; };
		AF60C08F287633930033DCB0 /* AlbumUITests.m */ = {isa = PBXFileReference; lastKnownFileType = sourcecode.c.objc; path = AlbumUITests.m; sourceTree = "<group>"; };
		AF60C091287633930033DCB0 /* AlbumUITestsLaunchTests.m */ = {isa = PBXFileReference; lastKnownFileType = sourcecode.c.objc; path = AlbumUITestsLaunchTests.m; sourceTree = "<group>"; };
		AF60C0B9287642880033DCB0 /* GoogleMapViewController.h */ = {isa = PBXFileReference; lastKnownFileType = sourcecode.c.h; path = GoogleMapViewController.h; sourceTree = "<group>"; };
		AF60C0BA287642880033DCB0 /* GoogleMapViewController.m */ = {isa = PBXFileReference; lastKnownFileType = sourcecode.c.objc; path = GoogleMapViewController.m; sourceTree = "<group>"; };
		AF60C0BC287644540033DCB0 /* Keys.plist */ = {isa = PBXFileReference; lastKnownFileType = text.plist.xml; path = Keys.plist; sourceTree = "<group>"; };
		AF60C0C628764B4C0033DCB0 /* LocationGenerator.h */ = {isa = PBXFileReference; lastKnownFileType = sourcecode.c.h; path = LocationGenerator.h; sourceTree = "<group>"; };
		AF60C0C728764B4C0033DCB0 /* LocationGenerator.m */ = {isa = PBXFileReference; lastKnownFileType = sourcecode.c.objc; path = LocationGenerator.m; sourceTree = "<group>"; };
		AF60C0C928764C520033DCB0 /* custom_pin.png */ = {isa = PBXFileReference; lastKnownFileType = image.png; name = custom_pin.png; path = "../../../Downloads/maps-platform-101-objc-master/starter/StarterApp/custom_pin.png"; sourceTree = "<group>"; };
		AF6574F92892078000804593 /* SocialViewController.h */ = {isa = PBXFileReference; lastKnownFileType = sourcecode.c.h; path = SocialViewController.h; sourceTree = "<group>"; };
		AF6574FA2892078000804593 /* SocialViewController.m */ = {isa = PBXFileReference; lastKnownFileType = sourcecode.c.objc; path = SocialViewController.m; sourceTree = "<group>"; };
		AF6574FC2892F90700804593 /* CloseFriendCell.h */ = {isa = PBXFileReference; lastKnownFileType = sourcecode.c.h; path = CloseFriendCell.h; sourceTree = "<group>"; };
		AF6574FD2892F90700804593 /* CloseFriendCell.m */ = {isa = PBXFileReference; lastKnownFileType = sourcecode.c.objc; path = CloseFriendCell.m; sourceTree = "<group>"; };
		AF6574FF2892FA4D00804593 /* CloseFriendViewController.h */ = {isa = PBXFileReference; lastKnownFileType = sourcecode.c.h; path = CloseFriendViewController.h; sourceTree = "<group>"; };
		AF6575002892FA4D00804593 /* CloseFriendViewController.m */ = {isa = PBXFileReference; lastKnownFileType = sourcecode.c.objc; path = CloseFriendViewController.m; sourceTree = "<group>"; };
		AFCC30E2287C9B8900521733 /* CoreLocation.framework */ = {isa = PBXFileReference; lastKnownFileType = wrapper.framework; name = CoreLocation.framework; path = System/Library/Frameworks/CoreLocation.framework; sourceTree = SDKROOT; };
		AFCC30EB287CAA3400521733 /* InfoPOIView.h */ = {isa = PBXFileReference; lastKnownFileType = sourcecode.c.h; path = InfoPOIView.h; sourceTree = "<group>"; };
		AFCC30EC287CAA3400521733 /* InfoPOIView.m */ = {isa = PBXFileReference; lastKnownFileType = sourcecode.c.objc; path = InfoPOIView.m; sourceTree = "<group>"; };
		AFCC30EE287CCFF000521733 /* InfoWindow.xib */ = {isa = PBXFileReference; lastKnownFileType = file.xib; path = InfoWindow.xib; sourceTree = "<group>"; };
		AFCC30F4287DD5CF00521733 /* Pin.h */ = {isa = PBXFileReference; lastKnownFileType = sourcecode.c.h; path = Pin.h; sourceTree = "<group>"; };
		AFCC30F5287DD5CF00521733 /* Pin.m */ = {isa = PBXFileReference; lastKnownFileType = sourcecode.c.objc; path = Pin.m; sourceTree = "<group>"; };
		AFCC30F7287DDB9200521733 /* Image.h */ = {isa = PBXFileReference; lastKnownFileType = sourcecode.c.h; path = Image.h; sourceTree = "<group>"; };
		AFCC30F8287DDB9200521733 /* Image.m */ = {isa = PBXFileReference; lastKnownFileType = sourcecode.c.objc; path = Image.m; sourceTree = "<group>"; };
		B6A5012DC2AC4793974C87D9 /* Pods-Album-AlbumUITests.release.xcconfig */ = {isa = PBXFileReference; includeInIndex = 1; lastKnownFileType = text.xcconfig; name = "Pods-Album-AlbumUITests.release.xcconfig"; path = "Target Support Files/Pods-Album-AlbumUITests/Pods-Album-AlbumUITests.release.xcconfig"; sourceTree = "<group>"; };
		E1A83E4637F5C8C843064B6D /* Pods_Album.framework */ = {isa = PBXFileReference; explicitFileType = wrapper.framework; includeInIndex = 0; path = Pods_Album.framework; sourceTree = BUILT_PRODUCTS_DIR; };
		E28129D9F66B10F6E85D8248 /* Pods-Album.release.xcconfig */ = {isa = PBXFileReference; includeInIndex = 1; lastKnownFileType = text.xcconfig; name = "Pods-Album.release.xcconfig"; path = "Target Support Files/Pods-Album/Pods-Album.release.xcconfig"; sourceTree = "<group>"; };
		EB98027A85A62447B477D5F3 /* Pods-Album.debug.xcconfig */ = {isa = PBXFileReference; includeInIndex = 1; lastKnownFileType = text.xcconfig; name = "Pods-Album.debug.xcconfig"; path = "Target Support Files/Pods-Album/Pods-Album.debug.xcconfig"; sourceTree = "<group>"; };
/* End PBXFileReference section */

/* Begin PBXFrameworksBuildPhase section */
		AF60C063287633920033DCB0 /* Frameworks */ = {
			isa = PBXFrameworksBuildPhase;
			buildActionMask = 2147483647;
			files = (
				AFCC30E3287C9B8900521733 /* CoreLocation.framework in Frameworks */,
				AF1FE84228872AAE00C5E0A5 /* PhotosUI.framework in Frameworks */,
				FC036CB500B6F6CC60374357 /* Pods_Album.framework in Frameworks */,
				AF0D2D66287F401D000A3870 /* Photos.framework in Frameworks */,
			);
			runOnlyForDeploymentPostprocessing = 0;
		};
		AF60C07E287633930033DCB0 /* Frameworks */ = {
			isa = PBXFrameworksBuildPhase;
			buildActionMask = 2147483647;
			files = (
				2123CBFFA21CC447ECA20D64 /* Pods_AlbumTests.framework in Frameworks */,
			);
			runOnlyForDeploymentPostprocessing = 0;
		};
		AF60C088287633930033DCB0 /* Frameworks */ = {
			isa = PBXFrameworksBuildPhase;
			buildActionMask = 2147483647;
			files = (
				F6875DDD5538E1ABEAEEFC30 /* Pods_Album_AlbumUITests.framework in Frameworks */,
			);
			runOnlyForDeploymentPostprocessing = 0;
		};
/* End PBXFrameworksBuildPhase section */

/* Begin PBXGroup section */
		63AA1427AA49B90D43D54A2A /* Frameworks */ = {
			isa = PBXGroup;
			children = (
				AF1FE84128872AAE00C5E0A5 /* PhotosUI.framework */,
				AF0D2D65287F401D000A3870 /* Photos.framework */,
				AF0D2D63287F3F0A000A3870 /* AssetsLibrary.framework */,
				AFCC30E2287C9B8900521733 /* CoreLocation.framework */,
				E1A83E4637F5C8C843064B6D /* Pods_Album.framework */,
				7CB976AFC2FAE60638A7D3B0 /* Pods_Album_AlbumUITests.framework */,
				9A8998396BA039E9A729A14E /* Pods_AlbumTests.framework */,
			);
			name = Frameworks;
			sourceTree = "<group>";
		};
		6F4736B45832FA7009391950 /* Pods */ = {
			isa = PBXGroup;
			children = (
				EB98027A85A62447B477D5F3 /* Pods-Album.debug.xcconfig */,
				E28129D9F66B10F6E85D8248 /* Pods-Album.release.xcconfig */,
				9D193303E455A8D7EFACD78D /* Pods-Album-AlbumUITests.debug.xcconfig */,
				B6A5012DC2AC4793974C87D9 /* Pods-Album-AlbumUITests.release.xcconfig */,
				64AF1A580AB9D7C1EE0C378B /* Pods-AlbumTests.debug.xcconfig */,
				8E32DA964E786B14919F8552 /* Pods-AlbumTests.release.xcconfig */,
			);
			path = Pods;
			sourceTree = "<group>";
		};
		AF15583528774C4A00C3FD82 /* ProfileControllers */ = {
			isa = PBXGroup;
			children = (
				AF15582F28774BC500C3FD82 /* ProfileViewController.h */,
				AF15583028774BC500C3FD82 /* ProfileViewController.m */,
				AF15583228774C1900C3FD82 /* SettingsViewController.h */,
				AF15583328774C1900C3FD82 /* SettingsViewController.m */,
				AF15583728774D4000C3FD82 /* ActivitiesViewController.h */,
				AF15583828774D4000C3FD82 /* ActivitiesViewController.m */,
				AF15583A28774DF600C3FD82 /* AddFriendViewController.h */,
				AF15583B28774DF600C3FD82 /* AddFriendViewController.m */,
				AF15584A2877AA5700C3FD82 /* FriendProfileViewController.h */,
				AF15584B2877AA5700C3FD82 /* FriendProfileViewController.m */,
				AF2D666A288A089D0055AD77 /* FriendGridViewController.h */,
				AF2D666B288A089D0055AD77 /* FriendGridViewController.m */,
				AF6574F92892078000804593 /* SocialViewController.h */,
				AF6574FA2892078000804593 /* SocialViewController.m */,
				AF6574FF2892FA4D00804593 /* CloseFriendViewController.h */,
				AF6575002892FA4D00804593 /* CloseFriendViewController.m */,
			);
			path = ProfileControllers;
			sourceTree = "<group>";
		};
		AF15583628774C6D00C3FD82 /* AuthenticationControllers */ = {
			isa = PBXGroup;
			children = (
				AF1558262876702B00C3FD82 /* LoginViewController.h */,
				AF1558272876702B00C3FD82 /* LoginViewController.m */,
				AF1558292876704000C3FD82 /* SignUpViewController.h */,
				AF15582A2876704000C3FD82 /* SignUpViewController.m */,
			);
			path = AuthenticationControllers;
			sourceTree = "<group>";
		};
		AF1558432877508600C3FD82 /* HomeControllers */ = {
			isa = PBXGroup;
			children = (
				AF155844287750CB00C3FD82 /* AlbumViewController.h */,
				AF155845287750CB00C3FD82 /* AlbumViewController.m */,
			);
			path = HomeControllers;
			sourceTree = "<group>";
		};
		AF1FE7E1288210A900C5E0A5 /* Utilities */ = {
			isa = PBXGroup;
			children = (
				AF1FE7E2288210D100C5E0A5 /* AlbumConstants.h */,
				AF1FE7E3288210EF00C5E0A5 /* AlbumConstants.m */,
			);
			path = Utilities;
			sourceTree = "<group>";
		};
		AF1FE8492887804D00C5E0A5 /* Helper */ = {
			isa = PBXGroup;
			children = (
				AF1FE84A288780D300C5E0A5 /* ColorConvertHelper.m */,
				AF1FE84C288780F800C5E0A5 /* ColorConvertHelper.h */,
				AF2D66672889B2CD0055AD77 /* ParseAPIHelper.h */,
				AF2D66682889B2CD0055AD77 /* ParseAPIHelper.m */,
			);
			path = Helper;
			sourceTree = "<group>";
		};
		AF60C05D287633920033DCB0 = {
			isa = PBXGroup;
			children = (
				AF60C068287633920033DCB0 /* Album */,
				AF60C084287633930033DCB0 /* AlbumTests */,
				AF60C08E287633930033DCB0 /* AlbumUITests */,
				AF60C067287633920033DCB0 /* Products */,
				6F4736B45832FA7009391950 /* Pods */,
				63AA1427AA49B90D43D54A2A /* Frameworks */,
			);
			sourceTree = "<group>";
		};
		AF60C067287633920033DCB0 /* Products */ = {
			isa = PBXGroup;
			children = (
				AF60C066287633920033DCB0 /* Album.app */,
				AF60C081287633930033DCB0 /* AlbumTests.xctest */,
				AF60C08B287633930033DCB0 /* AlbumUITests.xctest */,
			);
			name = Products;
			sourceTree = "<group>";
		};
		AF60C068287633920033DCB0 /* Album */ = {
			isa = PBXGroup;
			children = (
				AF1FE8492887804D00C5E0A5 /* Helper */,
				AF1FE7E1288210A900C5E0A5 /* Utilities */,
				AFCC30F0287DCB6800521733 /* Models */,
				AF60C0C528764B0B0033DCB0 /* APIHelper */,
				AF60C0B82876426D0033DCB0 /* Views */,
				AF60C0B7287642560033DCB0 /* ViewControllers */,
				AF60C069287633920033DCB0 /* AppDelegate.h */,
				AF60C06A287633920033DCB0 /* AppDelegate.m */,
				AF60C06C287633920033DCB0 /* SceneDelegate.h */,
				AF60C06D287633920033DCB0 /* SceneDelegate.m */,
				AF60C072287633920033DCB0 /* Main.storyboard */,
				AF60C075287633930033DCB0 /* Assets.xcassets */,
				AF60C0C928764C520033DCB0 /* custom_pin.png */,
				AF60C077287633930033DCB0 /* LaunchScreen.storyboard */,
				AF60C07A287633930033DCB0 /* Info.plist */,
				AF60C0BC287644540033DCB0 /* Keys.plist */,
				AF60C07B287633930033DCB0 /* main.m */,
			);
			path = Album;
			sourceTree = "<group>";
		};
		AF60C084287633930033DCB0 /* AlbumTests */ = {
			isa = PBXGroup;
			children = (
				AF60C085287633930033DCB0 /* AlbumTests.m */,
			);
			path = AlbumTests;
			sourceTree = "<group>";
		};
		AF60C08E287633930033DCB0 /* AlbumUITests */ = {
			isa = PBXGroup;
			children = (
				AF60C08F287633930033DCB0 /* AlbumUITests.m */,
				AF60C091287633930033DCB0 /* AlbumUITestsLaunchTests.m */,
			);
			path = AlbumUITests;
			sourceTree = "<group>";
		};
		AF60C0B7287642560033DCB0 /* ViewControllers */ = {
			isa = PBXGroup;
			children = (
				AFCC30E7287CA6F400521733 /* MapControllers */,
				AF1558432877508600C3FD82 /* HomeControllers */,
				AF15583628774C6D00C3FD82 /* AuthenticationControllers */,
				AF15583528774C4A00C3FD82 /* ProfileControllers */,
				AF15583D28774F3300C3FD82 /* ComposeViewController.h */,
				AF15583E28774F3300C3FD82 /* ComposeViewController.m */,
				AF1FE8462887590C00C5E0A5 /* ColorPickViewController.h */,
				AF1FE8472887590C00C5E0A5 /* ColorPickViewController.m */,
				AF15584028774F4000C3FD82 /* DetailsViewController.h */,
				AF15584128774F4000C3FD82 /* DetailsViewController.m */,
			);
			path = ViewControllers;
			sourceTree = "<group>";
		};
		AF60C0B82876426D0033DCB0 /* Views */ = {
			isa = PBXGroup;
			children = (
				AF15585028789C1B00C3FD82 /* ActivityCell.h */,
				AF15585128789C1B00C3FD82 /* ActivityCell.m */,
				AF15585328789D1500C3FD82 /* FriendCell.h */,
				AF15585428789D1500C3FD82 /* FriendCell.m */,
				AF6574FC2892F90700804593 /* CloseFriendCell.h */,
				AF6574FD2892F90700804593 /* CloseFriendCell.m */,
				AFCC30EB287CAA3400521733 /* InfoPOIView.h */,
				AFCC30EC287CAA3400521733 /* InfoPOIView.m */,
				AF0D2D67287F43B8000A3870 /* InfoMarkerView.h */,
				AF0D2D68287F43B8000A3870 /* InfoMarkerView.m */,
				AFCC30EE287CCFF000521733 /* InfoWindow.xib */,
				AF0D2D61287F3A1D000A3870 /* InfoExistWindow.xib */,
				AF1FE8432887355C00C5E0A5 /* PhotoCollectionCell.h */,
				AF1FE8442887355C00C5E0A5 /* PhotoCollectionCell.m */,
			);
			path = Views;
			sourceTree = "<group>";
		};
		AF60C0C528764B0B0033DCB0 /* APIHelper */ = {
			isa = PBXGroup;
			children = (
				AF60C0C628764B4C0033DCB0 /* LocationGenerator.h */,
				AF60C0C728764B4C0033DCB0 /* LocationGenerator.m */,
			);
			path = APIHelper;
			sourceTree = "<group>";
		};
		AFCC30E7287CA6F400521733 /* MapControllers */ = {
			isa = PBXGroup;
			children = (
				AF60C0B9287642880033DCB0 /* GoogleMapViewController.h */,
				AF60C0BA287642880033DCB0 /* GoogleMapViewController.m */,
				AF1FE7E52885CAD800C5E0A5 /* FriendMapViewController.h */,
				AF1FE7E62885CAD800C5E0A5 /* FriendMapViewController.m */,
			);
			path = MapControllers;
			sourceTree = "<group>";
		};
		AFCC30F0287DCB6800521733 /* Models */ = {
			isa = PBXGroup;
			children = (
				AFCC30F4287DD5CF00521733 /* Pin.h */,
				AFCC30F5287DD5CF00521733 /* Pin.m */,
				AFCC30F7287DDB9200521733 /* Image.h */,
				AFCC30F8287DDB9200521733 /* Image.m */,
				AF1FE7DE288082C100C5E0A5 /* Friendship.h */,
				AF1FE7DF288082C100C5E0A5 /* Friendship.m */,
				AF2D666D288B0EF30055AD77 /* UserPin.h */,
				AF2D666E288B0EF30055AD77 /* UserPin.m */,
			);
			path = Models;
			sourceTree = "<group>";
		};
/* End PBXGroup section */

/* Begin PBXNativeTarget section */
		AF60C065287633920033DCB0 /* Album */ = {
			isa = PBXNativeTarget;
			buildConfigurationList = AF60C095287633930033DCB0 /* Build configuration list for PBXNativeTarget "Album" */;
			buildPhases = (
				647C8DBCB517E171944E4BB8 /* [CP] Check Pods Manifest.lock */,
				AF60C062287633920033DCB0 /* Sources */,
				AF60C063287633920033DCB0 /* Frameworks */,
				AF60C064287633920033DCB0 /* Resources */,
				760FA09C1D0775A1F0041A6E /* [CP] Copy Pods Resources */,
				AC506068DCD40B7611F67485 /* [CP] Embed Pods Frameworks */,
			);
			buildRules = (
			);
			dependencies = (
			);
			name = Album;
			productName = Album;
			productReference = AF60C066287633920033DCB0 /* Album.app */;
			productType = "com.apple.product-type.application";
		};
		AF60C080287633930033DCB0 /* AlbumTests */ = {
			isa = PBXNativeTarget;
			buildConfigurationList = AF60C098287633930033DCB0 /* Build configuration list for PBXNativeTarget "AlbumTests" */;
			buildPhases = (
				2F7B42BCAF83C8D4C1EF19AE /* [CP] Check Pods Manifest.lock */,
				AF60C07D287633930033DCB0 /* Sources */,
				AF60C07E287633930033DCB0 /* Frameworks */,
				AF60C07F287633930033DCB0 /* Resources */,
			);
			buildRules = (
			);
			dependencies = (
				AF60C083287633930033DCB0 /* PBXTargetDependency */,
			);
			name = AlbumTests;
			productName = AlbumTests;
			productReference = AF60C081287633930033DCB0 /* AlbumTests.xctest */;
			productType = "com.apple.product-type.bundle.unit-test";
		};
		AF60C08A287633930033DCB0 /* AlbumUITests */ = {
			isa = PBXNativeTarget;
			buildConfigurationList = AF60C09B287633930033DCB0 /* Build configuration list for PBXNativeTarget "AlbumUITests" */;
			buildPhases = (
				9C939582760908FE56220CD0 /* [CP] Check Pods Manifest.lock */,
				AF60C087287633930033DCB0 /* Sources */,
				AF60C088287633930033DCB0 /* Frameworks */,
				AF60C089287633930033DCB0 /* Resources */,
				CE8926D7D2ACD95B45E7F12A /* [CP] Copy Pods Resources */,
				3A09A8442412E8D59E1732DF /* [CP] Embed Pods Frameworks */,
			);
			buildRules = (
			);
			dependencies = (
				AF60C08D287633930033DCB0 /* PBXTargetDependency */,
			);
			name = AlbumUITests;
			productName = AlbumUITests;
			productReference = AF60C08B287633930033DCB0 /* AlbumUITests.xctest */;
			productType = "com.apple.product-type.bundle.ui-testing";
		};
/* End PBXNativeTarget section */

/* Begin PBXProject section */
		AF60C05E287633920033DCB0 /* Project object */ = {
			isa = PBXProject;
			attributes = {
				BuildIndependentTargetsInParallel = 1;
				LastUpgradeCheck = 1340;
				TargetAttributes = {
					AF60C065287633920033DCB0 = {
						CreatedOnToolsVersion = 13.4;
					};
					AF60C080287633930033DCB0 = {
						CreatedOnToolsVersion = 13.4;
						TestTargetID = AF60C065287633920033DCB0;
					};
					AF60C08A287633930033DCB0 = {
						CreatedOnToolsVersion = 13.4;
						TestTargetID = AF60C065287633920033DCB0;
					};
				};
			};
			buildConfigurationList = AF60C061287633920033DCB0 /* Build configuration list for PBXProject "Album" */;
			compatibilityVersion = "Xcode 13.0";
			developmentRegion = en;
			hasScannedForEncodings = 0;
			knownRegions = (
				en,
				Base,
			);
			mainGroup = AF60C05D287633920033DCB0;
			productRefGroup = AF60C067287633920033DCB0 /* Products */;
			projectDirPath = "";
			projectRoot = "";
			targets = (
				AF60C065287633920033DCB0 /* Album */,
				AF60C080287633930033DCB0 /* AlbumTests */,
				AF60C08A287633930033DCB0 /* AlbumUITests */,
			);
		};
/* End PBXProject section */

/* Begin PBXResourcesBuildPhase section */
		AF60C064287633920033DCB0 /* Resources */ = {
			isa = PBXResourcesBuildPhase;
			buildActionMask = 2147483647;
			files = (
				AF60C0BD287644540033DCB0 /* Keys.plist in Resources */,
				AF0D2D62287F3A1D000A3870 /* InfoExistWindow.xib in Resources */,
				AF60C079287633930033DCB0 /* LaunchScreen.storyboard in Resources */,
				AF60C0CA28764C520033DCB0 /* custom_pin.png in Resources */,
				AF60C076287633930033DCB0 /* Assets.xcassets in Resources */,
				AF60C074287633920033DCB0 /* Main.storyboard in Resources */,
				AFCC30EF287CCFF000521733 /* InfoWindow.xib in Resources */,
			);
			runOnlyForDeploymentPostprocessing = 0;
		};
		AF60C07F287633930033DCB0 /* Resources */ = {
			isa = PBXResourcesBuildPhase;
			buildActionMask = 2147483647;
			files = (
			);
			runOnlyForDeploymentPostprocessing = 0;
		};
		AF60C089287633930033DCB0 /* Resources */ = {
			isa = PBXResourcesBuildPhase;
			buildActionMask = 2147483647;
			files = (
			);
			runOnlyForDeploymentPostprocessing = 0;
		};
/* End PBXResourcesBuildPhase section */

/* Begin PBXShellScriptBuildPhase section */
		2F7B42BCAF83C8D4C1EF19AE /* [CP] Check Pods Manifest.lock */ = {
			isa = PBXShellScriptBuildPhase;
			buildActionMask = 2147483647;
			files = (
			);
			inputFileListPaths = (
			);
			inputPaths = (
				"${PODS_PODFILE_DIR_PATH}/Podfile.lock",
				"${PODS_ROOT}/Manifest.lock",
			);
			name = "[CP] Check Pods Manifest.lock";
			outputFileListPaths = (
			);
			outputPaths = (
				"$(DERIVED_FILE_DIR)/Pods-AlbumTests-checkManifestLockResult.txt",
			);
			runOnlyForDeploymentPostprocessing = 0;
			shellPath = /bin/sh;
			shellScript = "diff \"${PODS_PODFILE_DIR_PATH}/Podfile.lock\" \"${PODS_ROOT}/Manifest.lock\" > /dev/null\nif [ $? != 0 ] ; then\n    # print error to STDERR\n    echo \"error: The sandbox is not in sync with the Podfile.lock. Run 'pod install' or update your CocoaPods installation.\" >&2\n    exit 1\nfi\n# This output is used by Xcode 'outputs' to avoid re-running this script phase.\necho \"SUCCESS\" > \"${SCRIPT_OUTPUT_FILE_0}\"\n";
			showEnvVarsInLog = 0;
		};
		3A09A8442412E8D59E1732DF /* [CP] Embed Pods Frameworks */ = {
			isa = PBXShellScriptBuildPhase;
			buildActionMask = 2147483647;
			files = (
			);
			inputFileListPaths = (
				"${PODS_ROOT}/Target Support Files/Pods-Album-AlbumUITests/Pods-Album-AlbumUITests-frameworks-${CONFIGURATION}-input-files.xcfilelist",
			);
			name = "[CP] Embed Pods Frameworks";
			outputFileListPaths = (
				"${PODS_ROOT}/Target Support Files/Pods-Album-AlbumUITests/Pods-Album-AlbumUITests-frameworks-${CONFIGURATION}-output-files.xcfilelist",
			);
			runOnlyForDeploymentPostprocessing = 0;
			shellPath = /bin/sh;
			shellScript = "\"${PODS_ROOT}/Target Support Files/Pods-Album-AlbumUITests/Pods-Album-AlbumUITests-frameworks.sh\"\n";
			showEnvVarsInLog = 0;
		};
		647C8DBCB517E171944E4BB8 /* [CP] Check Pods Manifest.lock */ = {
			isa = PBXShellScriptBuildPhase;
			buildActionMask = 2147483647;
			files = (
			);
			inputFileListPaths = (
			);
			inputPaths = (
				"${PODS_PODFILE_DIR_PATH}/Podfile.lock",
				"${PODS_ROOT}/Manifest.lock",
			);
			name = "[CP] Check Pods Manifest.lock";
			outputFileListPaths = (
			);
			outputPaths = (
				"$(DERIVED_FILE_DIR)/Pods-Album-checkManifestLockResult.txt",
			);
			runOnlyForDeploymentPostprocessing = 0;
			shellPath = /bin/sh;
			shellScript = "diff \"${PODS_PODFILE_DIR_PATH}/Podfile.lock\" \"${PODS_ROOT}/Manifest.lock\" > /dev/null\nif [ $? != 0 ] ; then\n    # print error to STDERR\n    echo \"error: The sandbox is not in sync with the Podfile.lock. Run 'pod install' or update your CocoaPods installation.\" >&2\n    exit 1\nfi\n# This output is used by Xcode 'outputs' to avoid re-running this script phase.\necho \"SUCCESS\" > \"${SCRIPT_OUTPUT_FILE_0}\"\n";
			showEnvVarsInLog = 0;
		};
		760FA09C1D0775A1F0041A6E /* [CP] Copy Pods Resources */ = {
			isa = PBXShellScriptBuildPhase;
			buildActionMask = 2147483647;
			files = (
			);
			inputFileListPaths = (
				"${PODS_ROOT}/Target Support Files/Pods-Album/Pods-Album-resources-${CONFIGURATION}-input-files.xcfilelist",
			);
			name = "[CP] Copy Pods Resources";
			outputFileListPaths = (
				"${PODS_ROOT}/Target Support Files/Pods-Album/Pods-Album-resources-${CONFIGURATION}-output-files.xcfilelist",
			);
			runOnlyForDeploymentPostprocessing = 0;
			shellPath = /bin/sh;
			shellScript = "\"${PODS_ROOT}/Target Support Files/Pods-Album/Pods-Album-resources.sh\"\n";
			showEnvVarsInLog = 0;
		};
		9C939582760908FE56220CD0 /* [CP] Check Pods Manifest.lock */ = {
			isa = PBXShellScriptBuildPhase;
			buildActionMask = 2147483647;
			files = (
			);
			inputFileListPaths = (
			);
			inputPaths = (
				"${PODS_PODFILE_DIR_PATH}/Podfile.lock",
				"${PODS_ROOT}/Manifest.lock",
			);
			name = "[CP] Check Pods Manifest.lock";
			outputFileListPaths = (
			);
			outputPaths = (
				"$(DERIVED_FILE_DIR)/Pods-Album-AlbumUITests-checkManifestLockResult.txt",
			);
			runOnlyForDeploymentPostprocessing = 0;
			shellPath = /bin/sh;
			shellScript = "diff \"${PODS_PODFILE_DIR_PATH}/Podfile.lock\" \"${PODS_ROOT}/Manifest.lock\" > /dev/null\nif [ $? != 0 ] ; then\n    # print error to STDERR\n    echo \"error: The sandbox is not in sync with the Podfile.lock. Run 'pod install' or update your CocoaPods installation.\" >&2\n    exit 1\nfi\n# This output is used by Xcode 'outputs' to avoid re-running this script phase.\necho \"SUCCESS\" > \"${SCRIPT_OUTPUT_FILE_0}\"\n";
			showEnvVarsInLog = 0;
		};
		AC506068DCD40B7611F67485 /* [CP] Embed Pods Frameworks */ = {
			isa = PBXShellScriptBuildPhase;
			buildActionMask = 2147483647;
			files = (
			);
			inputFileListPaths = (
				"${PODS_ROOT}/Target Support Files/Pods-Album/Pods-Album-frameworks-${CONFIGURATION}-input-files.xcfilelist",
			);
			name = "[CP] Embed Pods Frameworks";
			outputFileListPaths = (
				"${PODS_ROOT}/Target Support Files/Pods-Album/Pods-Album-frameworks-${CONFIGURATION}-output-files.xcfilelist",
			);
			runOnlyForDeploymentPostprocessing = 0;
			shellPath = /bin/sh;
			shellScript = "\"${PODS_ROOT}/Target Support Files/Pods-Album/Pods-Album-frameworks.sh\"\n";
			showEnvVarsInLog = 0;
		};
		CE8926D7D2ACD95B45E7F12A /* [CP] Copy Pods Resources */ = {
			isa = PBXShellScriptBuildPhase;
			buildActionMask = 2147483647;
			files = (
			);
			inputFileListPaths = (
				"${PODS_ROOT}/Target Support Files/Pods-Album-AlbumUITests/Pods-Album-AlbumUITests-resources-${CONFIGURATION}-input-files.xcfilelist",
			);
			name = "[CP] Copy Pods Resources";
			outputFileListPaths = (
				"${PODS_ROOT}/Target Support Files/Pods-Album-AlbumUITests/Pods-Album-AlbumUITests-resources-${CONFIGURATION}-output-files.xcfilelist",
			);
			runOnlyForDeploymentPostprocessing = 0;
			shellPath = /bin/sh;
			shellScript = "\"${PODS_ROOT}/Target Support Files/Pods-Album-AlbumUITests/Pods-Album-AlbumUITests-resources.sh\"\n";
			showEnvVarsInLog = 0;
		};
/* End PBXShellScriptBuildPhase section */

/* Begin PBXSourcesBuildPhase section */
		AF60C062287633920033DCB0 /* Sources */ = {
			isa = PBXSourcesBuildPhase;
			buildActionMask = 2147483647;
			files = (
				AF6575012892FA4D00804593 /* CloseFriendViewController.m in Sources */,
				AF1FE84B288780D300C5E0A5 /* ColorConvertHelper.m in Sources */,
				AFCC30F6287DD5CF00521733 /* Pin.m in Sources */,
				AF6574FB2892078000804593 /* SocialViewController.m in Sources */,
				AF60C06B287633920033DCB0 /* AppDelegate.m in Sources */,
				AF15583128774BC500C3FD82 /* ProfileViewController.m in Sources */,
				AF1FE7E72885CAD800C5E0A5 /* FriendMapViewController.m in Sources */,
				AF15585228789C1B00C3FD82 /* ActivityCell.m in Sources */,
				AF60C07C287633930033DCB0 /* main.m in Sources */,
				AF1558282876702B00C3FD82 /* LoginViewController.m in Sources */,
				AF1FE8482887590C00C5E0A5 /* ColorPickViewController.m in Sources */,
				AF15583C28774DF600C3FD82 /* AddFriendViewController.m in Sources */,
				AF1FE7E4288210EF00C5E0A5 /* AlbumConstants.m in Sources */,
				AF60C0BB287642880033DCB0 /* GoogleMapViewController.m in Sources */,
				AF1FE7E0288082C100C5E0A5 /* Friendship.m in Sources */,
				AF60C06E287633920033DCB0 /* SceneDelegate.m in Sources */,
				AF15582B2876704000C3FD82 /* SignUpViewController.m in Sources */,
				AF15583428774C1900C3FD82 /* SettingsViewController.m in Sources */,
				AF2D666F288B0EF30055AD77 /* UserPin.m in Sources */,
				AF2D66692889B2CD0055AD77 /* ParseAPIHelper.m in Sources */,
				AF1FE8452887355C00C5E0A5 /* PhotoCollectionCell.m in Sources */,
				AFCC30F9287DDB9200521733 /* Image.m in Sources */,
				AF15583928774D4000C3FD82 /* ActivitiesViewController.m in Sources */,
				AFCC30ED287CAA3400521733 /* InfoPOIView.m in Sources */,
				AF2D666C288A089D0055AD77 /* FriendGridViewController.m in Sources */,
				AF0D2D69287F43B8000A3870 /* InfoMarkerView.m in Sources */,
				AF15583F28774F3300C3FD82 /* ComposeViewController.m in Sources */,
				AF6574FE2892F90700804593 /* CloseFriendCell.m in Sources */,
				AF15585528789D1500C3FD82 /* FriendCell.m in Sources */,
				AF155846287750CB00C3FD82 /* AlbumViewController.m in Sources */,
				AF15584228774F4000C3FD82 /* DetailsViewController.m in Sources */,
				AF15584C2877AA5700C3FD82 /* FriendProfileViewController.m in Sources */,
				AF60C0C828764B4C0033DCB0 /* LocationGenerator.m in Sources */,
			);
			runOnlyForDeploymentPostprocessing = 0;
		};
		AF60C07D287633930033DCB0 /* Sources */ = {
			isa = PBXSourcesBuildPhase;
			buildActionMask = 2147483647;
			files = (
				AF60C086287633930033DCB0 /* AlbumTests.m in Sources */,
			);
			runOnlyForDeploymentPostprocessing = 0;
		};
		AF60C087287633930033DCB0 /* Sources */ = {
			isa = PBXSourcesBuildPhase;
			buildActionMask = 2147483647;
			files = (
				AF60C092287633930033DCB0 /* AlbumUITestsLaunchTests.m in Sources */,
				AF60C090287633930033DCB0 /* AlbumUITests.m in Sources */,
			);
			runOnlyForDeploymentPostprocessing = 0;
		};
/* End PBXSourcesBuildPhase section */

/* Begin PBXTargetDependency section */
		AF60C083287633930033DCB0 /* PBXTargetDependency */ = {
			isa = PBXTargetDependency;
			target = AF60C065287633920033DCB0 /* Album */;
			targetProxy = AF60C082287633930033DCB0 /* PBXContainerItemProxy */;
		};
		AF60C08D287633930033DCB0 /* PBXTargetDependency */ = {
			isa = PBXTargetDependency;
			target = AF60C065287633920033DCB0 /* Album */;
			targetProxy = AF60C08C287633930033DCB0 /* PBXContainerItemProxy */;
		};
/* End PBXTargetDependency section */

/* Begin PBXVariantGroup section */
		AF60C072287633920033DCB0 /* Main.storyboard */ = {
			isa = PBXVariantGroup;
			children = (
				AF60C073287633920033DCB0 /* Base */,
			);
			name = Main.storyboard;
			sourceTree = "<group>";
		};
		AF60C077287633930033DCB0 /* LaunchScreen.storyboard */ = {
			isa = PBXVariantGroup;
			children = (
				AF60C078287633930033DCB0 /* Base */,
			);
			name = LaunchScreen.storyboard;
			sourceTree = "<group>";
		};
/* End PBXVariantGroup section */

/* Begin XCBuildConfiguration section */
		AF60C093287633930033DCB0 /* Debug */ = {
			isa = XCBuildConfiguration;
			buildSettings = {
				ALWAYS_SEARCH_USER_PATHS = NO;
				CLANG_ANALYZER_NONNULL = YES;
				CLANG_ANALYZER_NUMBER_OBJECT_CONVERSION = YES_AGGRESSIVE;
				CLANG_CXX_LANGUAGE_STANDARD = "gnu++17";
				CLANG_ENABLE_MODULES = YES;
				CLANG_ENABLE_OBJC_ARC = YES;
				CLANG_ENABLE_OBJC_WEAK = YES;
				CLANG_WARN_BLOCK_CAPTURE_AUTORELEASING = YES;
				CLANG_WARN_BOOL_CONVERSION = YES;
				CLANG_WARN_COMMA = YES;
				CLANG_WARN_CONSTANT_CONVERSION = YES;
				CLANG_WARN_DEPRECATED_OBJC_IMPLEMENTATIONS = YES;
				CLANG_WARN_DIRECT_OBJC_ISA_USAGE = YES_ERROR;
				CLANG_WARN_DOCUMENTATION_COMMENTS = YES;
				CLANG_WARN_EMPTY_BODY = YES;
				CLANG_WARN_ENUM_CONVERSION = YES;
				CLANG_WARN_INFINITE_RECURSION = YES;
				CLANG_WARN_INT_CONVERSION = YES;
				CLANG_WARN_NON_LITERAL_NULL_CONVERSION = YES;
				CLANG_WARN_OBJC_IMPLICIT_RETAIN_SELF = YES;
				CLANG_WARN_OBJC_LITERAL_CONVERSION = YES;
				CLANG_WARN_OBJC_ROOT_CLASS = YES_ERROR;
				CLANG_WARN_QUOTED_INCLUDE_IN_FRAMEWORK_HEADER = YES;
				CLANG_WARN_RANGE_LOOP_ANALYSIS = YES;
				CLANG_WARN_STRICT_PROTOTYPES = YES;
				CLANG_WARN_SUSPICIOUS_MOVE = YES;
				CLANG_WARN_UNGUARDED_AVAILABILITY = YES_AGGRESSIVE;
				CLANG_WARN_UNREACHABLE_CODE = YES;
				CLANG_WARN__DUPLICATE_METHOD_MATCH = YES;
				COPY_PHASE_STRIP = NO;
				DEBUG_INFORMATION_FORMAT = dwarf;
				ENABLE_STRICT_OBJC_MSGSEND = YES;
				ENABLE_TESTABILITY = YES;
				GCC_C_LANGUAGE_STANDARD = gnu11;
				GCC_DYNAMIC_NO_PIC = NO;
				GCC_NO_COMMON_BLOCKS = YES;
				GCC_OPTIMIZATION_LEVEL = 0;
				GCC_PREPROCESSOR_DEFINITIONS = (
					"DEBUG=1",
					"$(inherited)",
				);
				GCC_WARN_64_TO_32_BIT_CONVERSION = YES;
				GCC_WARN_ABOUT_RETURN_TYPE = YES_ERROR;
				GCC_WARN_UNDECLARED_SELECTOR = YES;
				GCC_WARN_UNINITIALIZED_AUTOS = YES_AGGRESSIVE;
				GCC_WARN_UNUSED_FUNCTION = YES;
				GCC_WARN_UNUSED_VARIABLE = YES;
				IPHONEOS_DEPLOYMENT_TARGET = 15.5;
				MTL_ENABLE_DEBUG_INFO = INCLUDE_SOURCE;
				MTL_FAST_MATH = YES;
				ONLY_ACTIVE_ARCH = YES;
				SDKROOT = iphoneos;
			};
			name = Debug;
		};
		AF60C094287633930033DCB0 /* Release */ = {
			isa = XCBuildConfiguration;
			buildSettings = {
				ALWAYS_SEARCH_USER_PATHS = NO;
				CLANG_ANALYZER_NONNULL = YES;
				CLANG_ANALYZER_NUMBER_OBJECT_CONVERSION = YES_AGGRESSIVE;
				CLANG_CXX_LANGUAGE_STANDARD = "gnu++17";
				CLANG_ENABLE_MODULES = YES;
				CLANG_ENABLE_OBJC_ARC = YES;
				CLANG_ENABLE_OBJC_WEAK = YES;
				CLANG_WARN_BLOCK_CAPTURE_AUTORELEASING = YES;
				CLANG_WARN_BOOL_CONVERSION = YES;
				CLANG_WARN_COMMA = YES;
				CLANG_WARN_CONSTANT_CONVERSION = YES;
				CLANG_WARN_DEPRECATED_OBJC_IMPLEMENTATIONS = YES;
				CLANG_WARN_DIRECT_OBJC_ISA_USAGE = YES_ERROR;
				CLANG_WARN_DOCUMENTATION_COMMENTS = YES;
				CLANG_WARN_EMPTY_BODY = YES;
				CLANG_WARN_ENUM_CONVERSION = YES;
				CLANG_WARN_INFINITE_RECURSION = YES;
				CLANG_WARN_INT_CONVERSION = YES;
				CLANG_WARN_NON_LITERAL_NULL_CONVERSION = YES;
				CLANG_WARN_OBJC_IMPLICIT_RETAIN_SELF = YES;
				CLANG_WARN_OBJC_LITERAL_CONVERSION = YES;
				CLANG_WARN_OBJC_ROOT_CLASS = YES_ERROR;
				CLANG_WARN_QUOTED_INCLUDE_IN_FRAMEWORK_HEADER = YES;
				CLANG_WARN_RANGE_LOOP_ANALYSIS = YES;
				CLANG_WARN_STRICT_PROTOTYPES = YES;
				CLANG_WARN_SUSPICIOUS_MOVE = YES;
				CLANG_WARN_UNGUARDED_AVAILABILITY = YES_AGGRESSIVE;
				CLANG_WARN_UNREACHABLE_CODE = YES;
				CLANG_WARN__DUPLICATE_METHOD_MATCH = YES;
				COPY_PHASE_STRIP = NO;
				DEBUG_INFORMATION_FORMAT = "dwarf-with-dsym";
				ENABLE_NS_ASSERTIONS = NO;
				ENABLE_STRICT_OBJC_MSGSEND = YES;
				GCC_C_LANGUAGE_STANDARD = gnu11;
				GCC_NO_COMMON_BLOCKS = YES;
				GCC_WARN_64_TO_32_BIT_CONVERSION = YES;
				GCC_WARN_ABOUT_RETURN_TYPE = YES_ERROR;
				GCC_WARN_UNDECLARED_SELECTOR = YES;
				GCC_WARN_UNINITIALIZED_AUTOS = YES_AGGRESSIVE;
				GCC_WARN_UNUSED_FUNCTION = YES;
				GCC_WARN_UNUSED_VARIABLE = YES;
				IPHONEOS_DEPLOYMENT_TARGET = 15.5;
				MTL_ENABLE_DEBUG_INFO = NO;
				MTL_FAST_MATH = YES;
				SDKROOT = iphoneos;
				VALIDATE_PRODUCT = YES;
			};
			name = Release;
		};
		AF60C096287633930033DCB0 /* Debug */ = {
			isa = XCBuildConfiguration;
			baseConfigurationReference = EB98027A85A62447B477D5F3 /* Pods-Album.debug.xcconfig */;
			buildSettings = {
				ASSETCATALOG_COMPILER_APPICON_NAME = AppIcon;
				ASSETCATALOG_COMPILER_GLOBAL_ACCENT_COLOR_NAME = AccentColor;
				CODE_SIGN_STYLE = Automatic;
				CURRENT_PROJECT_VERSION = 1;
				DEVELOPMENT_TEAM = NPH2M474Q3;
				GENERATE_INFOPLIST_FILE = YES;
				INFOPLIST_FILE = Album/Info.plist;
				INFOPLIST_KEY_NSCameraUsageDescription = "";
				INFOPLIST_KEY_NSLocationWhenInUseUsageDescription = "";
				INFOPLIST_KEY_UIApplicationSupportsIndirectInputEvents = YES;
				INFOPLIST_KEY_UILaunchStoryboardName = LaunchScreen;
				INFOPLIST_KEY_UIMainStoryboardFile = Main;
				INFOPLIST_KEY_UISupportedInterfaceOrientations_iPad = "UIInterfaceOrientationPortrait UIInterfaceOrientationPortraitUpsideDown UIInterfaceOrientationLandscapeLeft UIInterfaceOrientationLandscapeRight";
				INFOPLIST_KEY_UISupportedInterfaceOrientations_iPhone = "UIInterfaceOrientationPortrait UIInterfaceOrientationLandscapeLeft UIInterfaceOrientationLandscapeRight";
				LD_RUNPATH_SEARCH_PATHS = (
					"$(inherited)",
					"@executable_path/Frameworks",
				);
				MARKETING_VERSION = 1.0;
				PRODUCT_BUNDLE_IDENTIFIER = "com.eye-ray.Album";
				PRODUCT_NAME = "$(TARGET_NAME)";
				SWIFT_EMIT_LOC_STRINGS = YES;
				TARGETED_DEVICE_FAMILY = "1,2";
			};
			name = Debug;
		};
		AF60C097287633930033DCB0 /* Release */ = {
			isa = XCBuildConfiguration;
			baseConfigurationReference = E28129D9F66B10F6E85D8248 /* Pods-Album.release.xcconfig */;
			buildSettings = {
				ASSETCATALOG_COMPILER_APPICON_NAME = AppIcon;
				ASSETCATALOG_COMPILER_GLOBAL_ACCENT_COLOR_NAME = AccentColor;
				CODE_SIGN_STYLE = Automatic;
				CURRENT_PROJECT_VERSION = 1;
				DEVELOPMENT_TEAM = NPH2M474Q3;
				GENERATE_INFOPLIST_FILE = YES;
				INFOPLIST_FILE = Album/Info.plist;
				INFOPLIST_KEY_NSCameraUsageDescription = "";
				INFOPLIST_KEY_NSLocationWhenInUseUsageDescription = "";
				INFOPLIST_KEY_UIApplicationSupportsIndirectInputEvents = YES;
				INFOPLIST_KEY_UILaunchStoryboardName = LaunchScreen;
				INFOPLIST_KEY_UIMainStoryboardFile = Main;
				INFOPLIST_KEY_UISupportedInterfaceOrientations_iPad = "UIInterfaceOrientationPortrait UIInterfaceOrientationPortraitUpsideDown UIInterfaceOrientationLandscapeLeft UIInterfaceOrientationLandscapeRight";
				INFOPLIST_KEY_UISupportedInterfaceOrientations_iPhone = "UIInterfaceOrientationPortrait UIInterfaceOrientationLandscapeLeft UIInterfaceOrientationLandscapeRight";
				LD_RUNPATH_SEARCH_PATHS = (
					"$(inherited)",
					"@executable_path/Frameworks",
				);
				MARKETING_VERSION = 1.0;
				PRODUCT_BUNDLE_IDENTIFIER = "com.eye-ray.Album";
				PRODUCT_NAME = "$(TARGET_NAME)";
				SWIFT_EMIT_LOC_STRINGS = YES;
				TARGETED_DEVICE_FAMILY = "1,2";
			};
			name = Release;
		};
		AF60C099287633930033DCB0 /* Debug */ = {
			isa = XCBuildConfiguration;
			baseConfigurationReference = 64AF1A580AB9D7C1EE0C378B /* Pods-AlbumTests.debug.xcconfig */;
			buildSettings = {
				BUNDLE_LOADER = "$(TEST_HOST)";
				CODE_SIGN_STYLE = Automatic;
				CURRENT_PROJECT_VERSION = 1;
				DEVELOPMENT_TEAM = YL99LW4L8S;
				GENERATE_INFOPLIST_FILE = YES;
				IPHONEOS_DEPLOYMENT_TARGET = 15.5;
				MARKETING_VERSION = 1.0;
				PRODUCT_BUNDLE_IDENTIFIER = com.eyeray.AlbumTests;
				PRODUCT_NAME = "$(TARGET_NAME)";
				SWIFT_EMIT_LOC_STRINGS = NO;
				TARGETED_DEVICE_FAMILY = "1,2";
				TEST_HOST = "$(BUILT_PRODUCTS_DIR)/Album.app/Album";
			};
			name = Debug;
		};
		AF60C09A287633930033DCB0 /* Release */ = {
			isa = XCBuildConfiguration;
			baseConfigurationReference = 8E32DA964E786B14919F8552 /* Pods-AlbumTests.release.xcconfig */;
			buildSettings = {
				BUNDLE_LOADER = "$(TEST_HOST)";
				CODE_SIGN_STYLE = Automatic;
				CURRENT_PROJECT_VERSION = 1;
				DEVELOPMENT_TEAM = YL99LW4L8S;
				GENERATE_INFOPLIST_FILE = YES;
				IPHONEOS_DEPLOYMENT_TARGET = 15.5;
				MARKETING_VERSION = 1.0;
				PRODUCT_BUNDLE_IDENTIFIER = com.eyeray.AlbumTests;
				PRODUCT_NAME = "$(TARGET_NAME)";
				SWIFT_EMIT_LOC_STRINGS = NO;
				TARGETED_DEVICE_FAMILY = "1,2";
				TEST_HOST = "$(BUILT_PRODUCTS_DIR)/Album.app/Album";
			};
			name = Release;
		};
		AF60C09C287633930033DCB0 /* Debug */ = {
			isa = XCBuildConfiguration;
			baseConfigurationReference = 9D193303E455A8D7EFACD78D /* Pods-Album-AlbumUITests.debug.xcconfig */;
			buildSettings = {
				CODE_SIGN_STYLE = Automatic;
				CURRENT_PROJECT_VERSION = 1;
				DEVELOPMENT_TEAM = YL99LW4L8S;
				GENERATE_INFOPLIST_FILE = YES;
				MARKETING_VERSION = 1.0;
				PRODUCT_BUNDLE_IDENTIFIER = com.eyeray.AlbumUITests;
				PRODUCT_NAME = "$(TARGET_NAME)";
				SWIFT_EMIT_LOC_STRINGS = NO;
				TARGETED_DEVICE_FAMILY = "1,2";
				TEST_TARGET_NAME = Album;
			};
			name = Debug;
		};
		AF60C09D287633930033DCB0 /* Release */ = {
			isa = XCBuildConfiguration;
			baseConfigurationReference = B6A5012DC2AC4793974C87D9 /* Pods-Album-AlbumUITests.release.xcconfig */;
			buildSettings = {
				CODE_SIGN_STYLE = Automatic;
				CURRENT_PROJECT_VERSION = 1;
				DEVELOPMENT_TEAM = YL99LW4L8S;
				GENERATE_INFOPLIST_FILE = YES;
				MARKETING_VERSION = 1.0;
				PRODUCT_BUNDLE_IDENTIFIER = com.eyeray.AlbumUITests;
				PRODUCT_NAME = "$(TARGET_NAME)";
				SWIFT_EMIT_LOC_STRINGS = NO;
				TARGETED_DEVICE_FAMILY = "1,2";
				TEST_TARGET_NAME = Album;
			};
			name = Release;
		};
/* End XCBuildConfiguration section */

/* Begin XCConfigurationList section */
		AF60C061287633920033DCB0 /* Build configuration list for PBXProject "Album" */ = {
			isa = XCConfigurationList;
			buildConfigurations = (
				AF60C093287633930033DCB0 /* Debug */,
				AF60C094287633930033DCB0 /* Release */,
			);
			defaultConfigurationIsVisible = 0;
			defaultConfigurationName = Release;
		};
		AF60C095287633930033DCB0 /* Build configuration list for PBXNativeTarget "Album" */ = {
			isa = XCConfigurationList;
			buildConfigurations = (
				AF60C096287633930033DCB0 /* Debug */,
				AF60C097287633930033DCB0 /* Release */,
			);
			defaultConfigurationIsVisible = 0;
			defaultConfigurationName = Release;
		};
		AF60C098287633930033DCB0 /* Build configuration list for PBXNativeTarget "AlbumTests" */ = {
			isa = XCConfigurationList;
			buildConfigurations = (
				AF60C099287633930033DCB0 /* Debug */,
				AF60C09A287633930033DCB0 /* Release */,
			);
			defaultConfigurationIsVisible = 0;
			defaultConfigurationName = Release;
		};
		AF60C09B287633930033DCB0 /* Build configuration list for PBXNativeTarget "AlbumUITests" */ = {
			isa = XCConfigurationList;
			buildConfigurations = (
				AF60C09C287633930033DCB0 /* Debug */,
				AF60C09D287633930033DCB0 /* Release */,
			);
			defaultConfigurationIsVisible = 0;
			defaultConfigurationName = Release;
		};
/* End XCConfigurationList section */
	};
	rootObject = AF60C05E287633920033DCB0 /* Project object */;
}
