// !$*UTF8*$!
{
	archiveVersion = 1;
	classes = {
	};
	objectVersion = 55;
	objects = {

/* Begin PBXBuildFile section */
		AF60C06B287633920033DCB0 /* AppDelegate.m in Sources */ = {isa = PBXBuildFile; fileRef = AF60C06A287633920033DCB0 /* AppDelegate.m */; };
		AF60C06E287633920033DCB0 /* SceneDelegate.m in Sources */ = {isa = PBXBuildFile; fileRef = AF60C06D287633920033DCB0 /* SceneDelegate.m */; };
		AF60C071287633920033DCB0 /* ViewController.m in Sources */ = {isa = PBXBuildFile; fileRef = AF60C070287633920033DCB0 /* ViewController.m */; };
		AF60C074287633920033DCB0 /* Main.storyboard in Resources */ = {isa = PBXBuildFile; fileRef = AF60C072287633920033DCB0 /* Main.storyboard */; };
		AF60C076287633930033DCB0 /* Assets.xcassets in Resources */ = {isa = PBXBuildFile; fileRef = AF60C075287633930033DCB0 /* Assets.xcassets */; };
		AF60C079287633930033DCB0 /* LaunchScreen.storyboard in Resources */ = {isa = PBXBuildFile; fileRef = AF60C077287633930033DCB0 /* LaunchScreen.storyboard */; };
		AF60C07C287633930033DCB0 /* main.m in Sources */ = {isa = PBXBuildFile; fileRef = AF60C07B287633930033DCB0 /* main.m */; };
		AF60C086287633930033DCB0 /* AlbumTests.m in Sources */ = {isa = PBXBuildFile; fileRef = AF60C085287633930033DCB0 /* AlbumTests.m */; };
		AF60C090287633930033DCB0 /* AlbumUITests.m in Sources */ = {isa = PBXBuildFile; fileRef = AF60C08F287633930033DCB0 /* AlbumUITests.m */; };
		AF60C092287633930033DCB0 /* AlbumUITestsLaunchTests.m in Sources */ = {isa = PBXBuildFile; fileRef = AF60C091287633930033DCB0 /* AlbumUITestsLaunchTests.m */; };
/* End PBXBuildFile section */

/* Begin PBXContainerItemProxy section */
		AF60C082287633930033DCB0 /* PBXContainerItemProxy */ = {
			isa = PBXContainerItemProxy;
			containerPortal = AF60C05E287633920033DCB0 /* Project object */;
			proxyType = 1;
			remoteGlobalIDString = AF60C065287633920033DCB0;
			remoteInfo = Album;
		};
		AF60C08C287633930033DCB0 /* PBXContainerItemProxy */ = {
			isa = PBXContainerItemProxy;
			containerPortal = AF60C05E287633920033DCB0 /* Project object */;
			proxyType = 1;
			remoteGlobalIDString = AF60C065287633920033DCB0;
			remoteInfo = Album;
		};
/* End PBXContainerItemProxy section */

/* Begin PBXFileReference section */
		AF60C066287633920033DCB0 /* Album.app */ = {isa = PBXFileReference; explicitFileType = wrapper.application; includeInIndex = 0; path = Album.app; sourceTree = BUILT_PRODUCTS_DIR; };
		AF60C069287633920033DCB0 /* AppDelegate.h */ = {isa = PBXFileReference; lastKnownFileType = sourcecode.c.h; path = AppDelegate.h; sourceTree = "<group>"; };
		AF60C06A287633920033DCB0 /* AppDelegate.m */ = {isa = PBXFileReference; lastKnownFileType = sourcecode.c.objc; path = AppDelegate.m; sourceTree = "<group>"; };
		AF60C06C287633920033DCB0 /* SceneDelegate.h */ = {isa = PBXFileReference; lastKnownFileType = sourcecode.c.h; path = SceneDelegate.h; sourceTree = "<group>"; };
		AF60C06D287633920033DCB0 /* SceneDelegate.m */ = {isa = PBXFileReference; lastKnownFileType = sourcecode.c.objc; path = SceneDelegate.m; sourceTree = "<group>"; };
		AF60C06F287633920033DCB0 /* ViewController.h */ = {isa = PBXFileReference; lastKnownFileType = sourcecode.c.h; path = ViewController.h; sourceTree = "<group>"; };
		AF60C070287633920033DCB0 /* ViewController.m */ = {isa = PBXFileReference; lastKnownFileType = sourcecode.c.objc; path = ViewController.m; sourceTree = "<group>"; };
		AF60C073287633920033DCB0 /* Base */ = {isa = PBXFileReference; lastKnownFileType = file.storyboard; name = Base; path = Base.lproj/Main.storyboard; sourceTree = "<group>"; };
		AF60C075287633930033DCB0 /* Assets.xcassets */ = {isa = PBXFileReference; lastKnownFileType = folder.assetcatalog; path = Assets.xcassets; sourceTree = "<group>"; };
		AF60C078287633930033DCB0 /* Base */ = {isa = PBXFileReference; lastKnownFileType = file.storyboard; name = Base; path = Base.lproj/LaunchScreen.storyboard; sourceTree = "<group>"; };
		AF60C07A287633930033DCB0 /* Info.plist */ = {isa = PBXFileReference; lastKnownFileType = text.plist.xml; path = Info.plist; sourceTree = "<group>"; };
		AF60C07B287633930033DCB0 /* main.m */ = {isa = PBXFileReference; lastKnownFileType = sourcecode.c.objc; path = main.m; sourceTree = "<group>"; };
		AF60C081287633930033DCB0 /* AlbumTests.xctest */ = {isa = PBXFileReference; explicitFileType = wrapper.cfbundle; includeInIndex = 0; path = AlbumTests.xctest; sourceTree = BUILT_PRODUCTS_DIR; };
		AF60C085287633930033DCB0 /* AlbumTests.m */ = {isa = PBXFileReference; lastKnownFileType = sourcecode.c.objc; path = AlbumTests.m; sourceTree = "<group>"; };
		AF60C08B287633930033DCB0 /* AlbumUITests.xctest */ = {isa = PBXFileReference; explicitFileType = wrapper.cfbundle; includeInIndex = 0; path = AlbumUITests.xctest; sourceTree = BUILT_PRODUCTS_DIR; };
		AF60C08F287633930033DCB0 /* AlbumUITests.m */ = {isa = PBXFileReference; lastKnownFileType = sourcecode.c.objc; path = AlbumUITests.m; sourceTree = "<group>"; };
		AF60C091287633930033DCB0 /* AlbumUITestsLaunchTests.m */ = {isa = PBXFileReference; lastKnownFileType = sourcecode.c.objc; path = AlbumUITestsLaunchTests.m; sourceTree = "<group>"; };
/* End PBXFileReference section */

/* Begin PBXFrameworksBuildPhase section */
		AF60C063287633920033DCB0 /* Frameworks */ = {
			isa = PBXFrameworksBuildPhase;
			buildActionMask = 2147483647;
			files = (
			);
			runOnlyForDeploymentPostprocessing = 0;
		};
		AF60C07E287633930033DCB0 /* Frameworks */ = {
			isa = PBXFrameworksBuildPhase;
			buildActionMask = 2147483647;
			files = (
			);
			runOnlyForDeploymentPostprocessing = 0;
		};
		AF60C088287633930033DCB0 /* Frameworks */ = {
			isa = PBXFrameworksBuildPhase;
			buildActionMask = 2147483647;
			files = (
			);
			runOnlyForDeploymentPostprocessing = 0;
		};
/* End PBXFrameworksBuildPhase section */

/* Begin PBXGroup section */
		AF60C05D287633920033DCB0 = {
			isa = PBXGroup;
			children = (
				AF60C068287633920033DCB0 /* Album */,
				AF60C084287633930033DCB0 /* AlbumTests */,
				AF60C08E287633930033DCB0 /* AlbumUITests */,
				AF60C067287633920033DCB0 /* Products */,
			);
			sourceTree = "<group>";
		};
		AF60C067287633920033DCB0 /* Products */ = {
			isa = PBXGroup;
			children = (
				AF60C066287633920033DCB0 /* Album.app */,
				AF60C081287633930033DCB0 /* AlbumTests.xctest */,
				AF60C08B287633930033DCB0 /* AlbumUITests.xctest */,
			);
			name = Products;
			sourceTree = "<group>";
		};
		AF60C068287633920033DCB0 /* Album */ = {
			isa = PBXGroup;
			children = (
				AF60C069287633920033DCB0 /* AppDelegate.h */,
				AF60C06A287633920033DCB0 /* AppDelegate.m */,
				AF60C06C287633920033DCB0 /* SceneDelegate.h */,
				AF60C06D287633920033DCB0 /* SceneDelegate.m */,
				AF60C06F287633920033DCB0 /* ViewController.h */,
				AF60C070287633920033DCB0 /* ViewController.m */,
				AF60C072287633920033DCB0 /* Main.storyboard */,
				AF60C075287633930033DCB0 /* Assets.xcassets */,
				AF60C077287633930033DCB0 /* LaunchScreen.storyboard */,
				AF60C07A287633930033DCB0 /* Info.plist */,
				AF60C07B287633930033DCB0 /* main.m */,
			);
			path = Album;
			sourceTree = "<group>";
		};
		AF60C084287633930033DCB0 /* AlbumTests */ = {
			isa = PBXGroup;
			children = (
				AF60C085287633930033DCB0 /* AlbumTests.m */,
			);
			path = AlbumTests;
			sourceTree = "<group>";
		};
		AF60C08E287633930033DCB0 /* AlbumUITests */ = {
			isa = PBXGroup;
			children = (
				AF60C08F287633930033DCB0 /* AlbumUITests.m */,
				AF60C091287633930033DCB0 /* AlbumUITestsLaunchTests.m */,
			);
			path = AlbumUITests;
			sourceTree = "<group>";
		};
/* End PBXGroup section */

/* Begin PBXNativeTarget section */
		AF60C065287633920033DCB0 /* Album */ = {
			isa = PBXNativeTarget;
			buildConfigurationList = AF60C095287633930033DCB0 /* Build configuration list for PBXNativeTarget "Album" */;
			buildPhases = (
				AF60C062287633920033DCB0 /* Sources */,
				AF60C063287633920033DCB0 /* Frameworks */,
				AF60C064287633920033DCB0 /* Resources */,
			);
			buildRules = (
			);
			dependencies = (
			);
			name = Album;
			productName = Album;
			productReference = AF60C066287633920033DCB0 /* Album.app */;
			productType = "com.apple.product-type.application";
		};
		AF60C080287633930033DCB0 /* AlbumTests */ = {
			isa = PBXNativeTarget;
			buildConfigurationList = AF60C098287633930033DCB0 /* Build configuration list for PBXNativeTarget "AlbumTests" */;
			buildPhases = (
				AF60C07D287633930033DCB0 /* Sources */,
				AF60C07E287633930033DCB0 /* Frameworks */,
				AF60C07F287633930033DCB0 /* Resources */,
			);
			buildRules = (
			);
			dependencies = (
				AF60C083287633930033DCB0 /* PBXTargetDependency */,
			);
			name = AlbumTests;
			productName = AlbumTests;
			productReference = AF60C081287633930033DCB0 /* AlbumTests.xctest */;
			productType = "com.apple.product-type.bundle.unit-test";
		};
		AF60C08A287633930033DCB0 /* AlbumUITests */ = {
			isa = PBXNativeTarget;
			buildConfigurationList = AF60C09B287633930033DCB0 /* Build configuration list for PBXNativeTarget "AlbumUITests" */;
			buildPhases = (
				AF60C087287633930033DCB0 /* Sources */,
				AF60C088287633930033DCB0 /* Frameworks */,
				AF60C089287633930033DCB0 /* Resources */,
			);
			buildRules = (
			);
			dependencies = (
				AF60C08D287633930033DCB0 /* PBXTargetDependency */,
			);
			name = AlbumUITests;
			productName = AlbumUITests;
			productReference = AF60C08B287633930033DCB0 /* AlbumUITests.xctest */;
			productType = "com.apple.product-type.bundle.ui-testing";
		};
/* End PBXNativeTarget section */

/* Begin PBXProject section */
		AF60C05E287633920033DCB0 /* Project object */ = {
			isa = PBXProject;
			attributes = {
				BuildIndependentTargetsInParallel = 1;
				LastUpgradeCheck = 1340;
				TargetAttributes = {
					AF60C065287633920033DCB0 = {
						CreatedOnToolsVersion = 13.4;
					};
					AF60C080287633930033DCB0 = {
						CreatedOnToolsVersion = 13.4;
						TestTargetID = AF60C065287633920033DCB0;
					};
					AF60C08A287633930033DCB0 = {
						CreatedOnToolsVersion = 13.4;
						TestTargetID = AF60C065287633920033DCB0;
					};
				};
			};
			buildConfigurationList = AF60C061287633920033DCB0 /* Build configuration list for PBXProject "Album" */;
			compatibilityVersion = "Xcode 13.0";
			developmentRegion = en;
			hasScannedForEncodings = 0;
			knownRegions = (
				en,
				Base,
			);
			mainGroup = AF60C05D287633920033DCB0;
			productRefGroup = AF60C067287633920033DCB0 /* Products */;
			projectDirPath = "";
			projectRoot = "";
			targets = (
				AF60C065287633920033DCB0 /* Album */,
				AF60C080287633930033DCB0 /* AlbumTests */,
				AF60C08A287633930033DCB0 /* AlbumUITests */,
			);
		};
/* End PBXProject section */

/* Begin PBXResourcesBuildPhase section */
		AF60C064287633920033DCB0 /* Resources */ = {
			isa = PBXResourcesBuildPhase;
			buildActionMask = 2147483647;
			files = (
				AF60C079287633930033DCB0 /* LaunchScreen.storyboard in Resources */,
				AF60C076287633930033DCB0 /* Assets.xcassets in Resources */,
				AF60C074287633920033DCB0 /* Main.storyboard in Resources */,
			);
			runOnlyForDeploymentPostprocessing = 0;
		};
		AF60C07F287633930033DCB0 /* Resources */ = {
			isa = PBXResourcesBuildPhase;
			buildActionMask = 2147483647;
			files = (
			);
			runOnlyForDeploymentPostprocessing = 0;
		};
		AF60C089287633930033DCB0 /* Resources */ = {
			isa = PBXResourcesBuildPhase;
			buildActionMask = 2147483647;
			files = (
			);
			runOnlyForDeploymentPostprocessing = 0;
		};
/* End PBXResourcesBuildPhase section */

/* Begin PBXSourcesBuildPhase section */
		AF60C062287633920033DCB0 /* Sources */ = {
			isa = PBXSourcesBuildPhase;
			buildActionMask = 2147483647;
			files = (
				AF60C071287633920033DCB0 /* ViewController.m in Sources */,
				AF60C06B287633920033DCB0 /* AppDelegate.m in Sources */,
				AF60C07C287633930033DCB0 /* main.m in Sources */,
				AF60C06E287633920033DCB0 /* SceneDelegate.m in Sources */,
			);
			runOnlyForDeploymentPostprocessing = 0;
		};
		AF60C07D287633930033DCB0 /* Sources */ = {
			isa = PBXSourcesBuildPhase;
			buildActionMask = 2147483647;
			files = (
				AF60C086287633930033DCB0 /* AlbumTests.m in Sources */,
			);
			runOnlyForDeploymentPostprocessing = 0;
		};
		AF60C087287633930033DCB0 /* Sources */ = {
			isa = PBXSourcesBuildPhase;
			buildActionMask = 2147483647;
			files = (
				AF60C092287633930033DCB0 /* AlbumUITestsLaunchTests.m in Sources */,
				AF60C090287633930033DCB0 /* AlbumUITests.m in Sources */,
			);
			runOnlyForDeploymentPostprocessing = 0;
		};
/* End PBXSourcesBuildPhase section */

/* Begin PBXTargetDependency section */
		AF60C083287633930033DCB0 /* PBXTargetDependency */ = {
			isa = PBXTargetDependency;
			target = AF60C065287633920033DCB0 /* Album */;
			targetProxy = AF60C082287633930033DCB0 /* PBXContainerItemProxy */;
		};
		AF60C08D287633930033DCB0 /* PBXTargetDependency */ = {
			isa = PBXTargetDependency;
			target = AF60C065287633920033DCB0 /* Album */;
			targetProxy = AF60C08C287633930033DCB0 /* PBXContainerItemProxy */;
		};
/* End PBXTargetDependency section */

/* Begin PBXVariantGroup section */
		AF60C072287633920033DCB0 /* Main.storyboard */ = {
			isa = PBXVariantGroup;
			children = (
				AF60C073287633920033DCB0 /* Base */,
			);
			name = Main.storyboard;
			sourceTree = "<group>";
		};
		AF60C077287633930033DCB0 /* LaunchScreen.storyboard */ = {
			isa = PBXVariantGroup;
			children = (
				AF60C078287633930033DCB0 /* Base */,
			);
			name = LaunchScreen.storyboard;
			sourceTree = "<group>";
		};
/* End PBXVariantGroup section */

/* Begin XCBuildConfiguration section */
		AF60C093287633930033DCB0 /* Debug */ = {
			isa = XCBuildConfiguration;
			buildSettings = {
				ALWAYS_SEARCH_USER_PATHS = NO;
				CLANG_ANALYZER_NONNULL = YES;
				CLANG_ANALYZER_NUMBER_OBJECT_CONVERSION = YES_AGGRESSIVE;
				CLANG_CXX_LANGUAGE_STANDARD = "gnu++17";
				CLANG_ENABLE_MODULES = YES;
				CLANG_ENABLE_OBJC_ARC = YES;
				CLANG_ENABLE_OBJC_WEAK = YES;
				CLANG_WARN_BLOCK_CAPTURE_AUTORELEASING = YES;
				CLANG_WARN_BOOL_CONVERSION = YES;
				CLANG_WARN_COMMA = YES;
				CLANG_WARN_CONSTANT_CONVERSION = YES;
				CLANG_WARN_DEPRECATED_OBJC_IMPLEMENTATIONS = YES;
				CLANG_WARN_DIRECT_OBJC_ISA_USAGE = YES_ERROR;
				CLANG_WARN_DOCUMENTATION_COMMENTS = YES;
				CLANG_WARN_EMPTY_BODY = YES;
				CLANG_WARN_ENUM_CONVERSION = YES;
				CLANG_WARN_INFINITE_RECURSION = YES;
				CLANG_WARN_INT_CONVERSION = YES;
				CLANG_WARN_NON_LITERAL_NULL_CONVERSION = YES;
				CLANG_WARN_OBJC_IMPLICIT_RETAIN_SELF = YES;
				CLANG_WARN_OBJC_LITERAL_CONVERSION = YES;
				CLANG_WARN_OBJC_ROOT_CLASS = YES_ERROR;
				CLANG_WARN_QUOTED_INCLUDE_IN_FRAMEWORK_HEADER = YES;
				CLANG_WARN_RANGE_LOOP_ANALYSIS = YES;
				CLANG_WARN_STRICT_PROTOTYPES = YES;
				CLANG_WARN_SUSPICIOUS_MOVE = YES;
				CLANG_WARN_UNGUARDED_AVAILABILITY = YES_AGGRESSIVE;
				CLANG_WARN_UNREACHABLE_CODE = YES;
				CLANG_WARN__DUPLICATE_METHOD_MATCH = YES;
				COPY_PHASE_STRIP = NO;
				DEBUG_INFORMATION_FORMAT = dwarf;
				ENABLE_STRICT_OBJC_MSGSEND = YES;
				ENABLE_TESTABILITY = YES;
				GCC_C_LANGUAGE_STANDARD = gnu11;
				GCC_DYNAMIC_NO_PIC = NO;
				GCC_NO_COMMON_BLOCKS = YES;
				GCC_OPTIMIZATION_LEVEL = 0;
				GCC_PREPROCESSOR_DEFINITIONS = (
					"DEBUG=1",
					"$(inherited)",
				);
				GCC_WARN_64_TO_32_BIT_CONVERSION = YES;
				GCC_WARN_ABOUT_RETURN_TYPE = YES_ERROR;
				GCC_WARN_UNDECLARED_SELECTOR = YES;
				GCC_WARN_UNINITIALIZED_AUTOS = YES_AGGRESSIVE;
				GCC_WARN_UNUSED_FUNCTION = YES;
				GCC_WARN_UNUSED_VARIABLE = YES;
				IPHONEOS_DEPLOYMENT_TARGET = 15.5;
				MTL_ENABLE_DEBUG_INFO = INCLUDE_SOURCE;
				MTL_FAST_MATH = YES;
				ONLY_ACTIVE_ARCH = YES;
				SDKROOT = iphoneos;
			};
			name = Debug;
		};
		AF60C094287633930033DCB0 /* Release */ = {
			isa = XCBuildConfiguration;
			buildSettings = {
				ALWAYS_SEARCH_USER_PATHS = NO;
				CLANG_ANALYZER_NONNULL = YES;
				CLANG_ANALYZER_NUMBER_OBJECT_CONVERSION = YES_AGGRESSIVE;
				CLANG_CXX_LANGUAGE_STANDARD = "gnu++17";
				CLANG_ENABLE_MODULES = YES;
				CLANG_ENABLE_OBJC_ARC = YES;
				CLANG_ENABLE_OBJC_WEAK = YES;
				CLANG_WARN_BLOCK_CAPTURE_AUTORELEASING = YES;
				CLANG_WARN_BOOL_CONVERSION = YES;
				CLANG_WARN_COMMA = YES;
				CLANG_WARN_CONSTANT_CONVERSION = YES;
				CLANG_WARN_DEPRECATED_OBJC_IMPLEMENTATIONS = YES;
				CLANG_WARN_DIRECT_OBJC_ISA_USAGE = YES_ERROR;
				CLANG_WARN_DOCUMENTATION_COMMENTS = YES;
				CLANG_WARN_EMPTY_BODY = YES;
				CLANG_WARN_ENUM_CONVERSION = YES;
				CLANG_WARN_INFINITE_RECURSION = YES;
				CLANG_WARN_INT_CONVERSION = YES;
				CLANG_WARN_NON_LITERAL_NULL_CONVERSION = YES;
				CLANG_WARN_OBJC_IMPLICIT_RETAIN_SELF = YES;
				CLANG_WARN_OBJC_LITERAL_CONVERSION = YES;
				CLANG_WARN_OBJC_ROOT_CLASS = YES_ERROR;
				CLANG_WARN_QUOTED_INCLUDE_IN_FRAMEWORK_HEADER = YES;
				CLANG_WARN_RANGE_LOOP_ANALYSIS = YES;
				CLANG_WARN_STRICT_PROTOTYPES = YES;
				CLANG_WARN_SUSPICIOUS_MOVE = YES;
				CLANG_WARN_UNGUARDED_AVAILABILITY = YES_AGGRESSIVE;
				CLANG_WARN_UNREACHABLE_CODE = YES;
				CLANG_WARN__DUPLICATE_METHOD_MATCH = YES;
				COPY_PHASE_STRIP = NO;
				DEBUG_INFORMATION_FORMAT = "dwarf-with-dsym";
				ENABLE_NS_ASSERTIONS = NO;
				ENABLE_STRICT_OBJC_MSGSEND = YES;
				GCC_C_LANGUAGE_STANDARD = gnu11;
				GCC_NO_COMMON_BLOCKS = YES;
				GCC_WARN_64_TO_32_BIT_CONVERSION = YES;
				GCC_WARN_ABOUT_RETURN_TYPE = YES_ERROR;
				GCC_WARN_UNDECLARED_SELECTOR = YES;
				GCC_WARN_UNINITIALIZED_AUTOS = YES_AGGRESSIVE;
				GCC_WARN_UNUSED_FUNCTION = YES;
				GCC_WARN_UNUSED_VARIABLE = YES;
				IPHONEOS_DEPLOYMENT_TARGET = 15.5;
				MTL_ENABLE_DEBUG_INFO = NO;
				MTL_FAST_MATH = YES;
				SDKROOT = iphoneos;
				VALIDATE_PRODUCT = YES;
			};
			name = Release;
		};
		AF60C096287633930033DCB0 /* Debug */ = {
			isa = XCBuildConfiguration;
			buildSettings = {
				ASSETCATALOG_COMPILER_APPICON_NAME = AppIcon;
				ASSETCATALOG_COMPILER_GLOBAL_ACCENT_COLOR_NAME = AccentColor;
				CODE_SIGN_STYLE = Automatic;
				CURRENT_PROJECT_VERSION = 1;
				DEVELOPMENT_TEAM = YL99LW4L8S;
				GENERATE_INFOPLIST_FILE = YES;
				INFOPLIST_FILE = Album/Info.plist;
				INFOPLIST_KEY_UIApplicationSupportsIndirectInputEvents = YES;
				INFOPLIST_KEY_UILaunchStoryboardName = LaunchScreen;
				INFOPLIST_KEY_UIMainStoryboardFile = Main;
				INFOPLIST_KEY_UISupportedInterfaceOrientations_iPad = "UIInterfaceOrientationPortrait UIInterfaceOrientationPortraitUpsideDown UIInterfaceOrientationLandscapeLeft UIInterfaceOrientationLandscapeRight";
				INFOPLIST_KEY_UISupportedInterfaceOrientations_iPhone = "UIInterfaceOrientationPortrait UIInterfaceOrientationLandscapeLeft UIInterfaceOrientationLandscapeRight";
				LD_RUNPATH_SEARCH_PATHS = (
					"$(inherited)",
					"@executable_path/Frameworks",
				);
				MARKETING_VERSION = 1.0;
				PRODUCT_BUNDLE_IDENTIFIER = com.eyeray.Album;
				PRODUCT_NAME = "$(TARGET_NAME)";
				SWIFT_EMIT_LOC_STRINGS = YES;
				TARGETED_DEVICE_FAMILY = "1,2";
			};
			name = Debug;
		};
		AF60C097287633930033DCB0 /* Release */ = {
			isa = XCBuildConfiguration;
			buildSettings = {
				ASSETCATALOG_COMPILER_APPICON_NAME = AppIcon;
				ASSETCATALOG_COMPILER_GLOBAL_ACCENT_COLOR_NAME = AccentColor;
				CODE_SIGN_STYLE = Automatic;
				CURRENT_PROJECT_VERSION = 1;
				DEVELOPMENT_TEAM = YL99LW4L8S;
				GENERATE_INFOPLIST_FILE = YES;
				INFOPLIST_FILE = Album/Info.plist;
				INFOPLIST_KEY_UIApplicationSupportsIndirectInputEvents = YES;
				INFOPLIST_KEY_UILaunchStoryboardName = LaunchScreen;
				INFOPLIST_KEY_UIMainStoryboardFile = Main;
				INFOPLIST_KEY_UISupportedInterfaceOrientations_iPad = "UIInterfaceOrientationPortrait UIInterfaceOrientationPortraitUpsideDown UIInterfaceOrientationLandscapeLeft UIInterfaceOrientationLandscapeRight";
				INFOPLIST_KEY_UISupportedInterfaceOrientations_iPhone = "UIInterfaceOrientationPortrait UIInterfaceOrientationLandscapeLeft UIInterfaceOrientationLandscapeRight";
				LD_RUNPATH_SEARCH_PATHS = (
					"$(inherited)",
					"@executable_path/Frameworks",
				);
				MARKETING_VERSION = 1.0;
				PRODUCT_BUNDLE_IDENTIFIER = com.eyeray.Album;
				PRODUCT_NAME = "$(TARGET_NAME)";
				SWIFT_EMIT_LOC_STRINGS = YES;
				TARGETED_DEVICE_FAMILY = "1,2";
			};
			name = Release;
		};
		AF60C099287633930033DCB0 /* Debug */ = {
			isa = XCBuildConfiguration;
			buildSettings = {
				BUNDLE_LOADER = "$(TEST_HOST)";
				CODE_SIGN_STYLE = Automatic;
				CURRENT_PROJECT_VERSION = 1;
				DEVELOPMENT_TEAM = YL99LW4L8S;
				GENERATE_INFOPLIST_FILE = YES;
				IPHONEOS_DEPLOYMENT_TARGET = 15.5;
				MARKETING_VERSION = 1.0;
				PRODUCT_BUNDLE_IDENTIFIER = com.eyeray.AlbumTests;
				PRODUCT_NAME = "$(TARGET_NAME)";
				SWIFT_EMIT_LOC_STRINGS = NO;
				TARGETED_DEVICE_FAMILY = "1,2";
				TEST_HOST = "$(BUILT_PRODUCTS_DIR)/Album.app/Album";
			};
			name = Debug;
		};
		AF60C09A287633930033DCB0 /* Release */ = {
			isa = XCBuildConfiguration;
			buildSettings = {
				BUNDLE_LOADER = "$(TEST_HOST)";
				CODE_SIGN_STYLE = Automatic;
				CURRENT_PROJECT_VERSION = 1;
				DEVELOPMENT_TEAM = YL99LW4L8S;
				GENERATE_INFOPLIST_FILE = YES;
				IPHONEOS_DEPLOYMENT_TARGET = 15.5;
				MARKETING_VERSION = 1.0;
				PRODUCT_BUNDLE_IDENTIFIER = com.eyeray.AlbumTests;
				PRODUCT_NAME = "$(TARGET_NAME)";
				SWIFT_EMIT_LOC_STRINGS = NO;
				TARGETED_DEVICE_FAMILY = "1,2";
				TEST_HOST = "$(BUILT_PRODUCTS_DIR)/Album.app/Album";
			};
			name = Release;
		};
		AF60C09C287633930033DCB0 /* Debug */ = {
			isa = XCBuildConfiguration;
			buildSettings = {
				CODE_SIGN_STYLE = Automatic;
				CURRENT_PROJECT_VERSION = 1;
				DEVELOPMENT_TEAM = YL99LW4L8S;
				GENERATE_INFOPLIST_FILE = YES;
				MARKETING_VERSION = 1.0;
				PRODUCT_BUNDLE_IDENTIFIER = com.eyeray.AlbumUITests;
				PRODUCT_NAME = "$(TARGET_NAME)";
				SWIFT_EMIT_LOC_STRINGS = NO;
				TARGETED_DEVICE_FAMILY = "1,2";
				TEST_TARGET_NAME = Album;
			};
			name = Debug;
		};
		AF60C09D287633930033DCB0 /* Release */ = {
			isa = XCBuildConfiguration;
			buildSettings = {
				CODE_SIGN_STYLE = Automatic;
				CURRENT_PROJECT_VERSION = 1;
				DEVELOPMENT_TEAM = YL99LW4L8S;
				GENERATE_INFOPLIST_FILE = YES;
				MARKETING_VERSION = 1.0;
				PRODUCT_BUNDLE_IDENTIFIER = com.eyeray.AlbumUITests;
				PRODUCT_NAME = "$(TARGET_NAME)";
				SWIFT_EMIT_LOC_STRINGS = NO;
				TARGETED_DEVICE_FAMILY = "1,2";
				TEST_TARGET_NAME = Album;
			};
			name = Release;
		};
/* End XCBuildConfiguration section */

/* Begin XCConfigurationList section */
		AF60C061287633920033DCB0 /* Build configuration list for PBXProject "Album" */ = {
			isa = XCConfigurationList;
			buildConfigurations = (
				AF60C093287633930033DCB0 /* Debug */,
				AF60C094287633930033DCB0 /* Release */,
			);
			defaultConfigurationIsVisible = 0;
			defaultConfigurationName = Release;
		};
		AF60C095287633930033DCB0 /* Build configuration list for PBXNativeTarget "Album" */ = {
			isa = XCConfigurationList;
			buildConfigurations = (
				AF60C096287633930033DCB0 /* Debug */,
				AF60C097287633930033DCB0 /* Release */,
			);
			defaultConfigurationIsVisible = 0;
			defaultConfigurationName = Release;
		};
		AF60C098287633930033DCB0 /* Build configuration list for PBXNativeTarget "AlbumTests" */ = {
			isa = XCConfigurationList;
			buildConfigurations = (
				AF60C099287633930033DCB0 /* Debug */,
				AF60C09A287633930033DCB0 /* Release */,
			);
			defaultConfigurationIsVisible = 0;
			defaultConfigurationName = Release;
		};
		AF60C09B287633930033DCB0 /* Build configuration list for PBXNativeTarget "AlbumUITests" */ = {
			isa = XCConfigurationList;
			buildConfigurations = (
				AF60C09C287633930033DCB0 /* Debug */,
				AF60C09D287633930033DCB0 /* Release */,
			);
			defaultConfigurationIsVisible = 0;
			defaultConfigurationName = Release;
		};
/* End XCConfigurationList section */
	};
	rootObject = AF60C05E287633920033DCB0 /* Project object */;
}
